// !$*UTF8*$!
{
	archiveVersion = 1;
	classes = {
	};
	objectVersion = 46;
	objects = {

/* Begin PBXBuildFile section */
		AF15551A19A6746E005E5500 /* libboost_filesystem.dylib in Frameworks */ = {isa = PBXBuildFile; fileRef = AF15551919A6746E005E5500 /* libboost_filesystem.dylib */; };
		AF15551C19A67482005E5500 /* libboost_system.dylib in Frameworks */ = {isa = PBXBuildFile; fileRef = AF15551B19A67482005E5500 /* libboost_system.dylib */; };
		AF15551E19A67490005E5500 /* libboost_serialization.dylib in Frameworks */ = {isa = PBXBuildFile; fileRef = AF15551D19A67490005E5500 /* libboost_serialization.dylib */; };
		AF15552019A674AC005E5500 /* libboost_iostreams.dylib in Frameworks */ = {isa = PBXBuildFile; fileRef = AF15551F19A674AC005E5500 /* libboost_iostreams.dylib */; };
		AF165D1319899C440038FDFD /* gtest.framework in Frameworks */ = {isa = PBXBuildFile; fileRef = AF165D1219899C440038FDFD /* gtest.framework */; };
		AF6AFD6B1A034B5F006F9393 /* libfftw3.3.dylib in Frameworks */ = {isa = PBXBuildFile; fileRef = AF6AFD6A1A034B5F006F9393 /* libfftw3.3.dylib */; };
		AFA984D91A416FE7008D49C1 /* BBStub.gtest.cc in Sources */ = {isa = PBXBuildFile; fileRef = AFA9845C1A416FE7008D49C1 /* BBStub.gtest.cc */; };
		AFA984DA1A416FE7008D49C1 /* ligand_factory.gtest.cc in Sources */ = {isa = PBXBuildFile; fileRef = AFA984601A416FE7008D49C1 /* ligand_factory.gtest.cc */; };
		AFA984DB1A416FE7008D49C1 /* ligand_factory.lib.cc in Sources */ = {isa = PBXBuildFile; fileRef = AFA984621A416FE7008D49C1 /* ligand_factory.lib.cc */; };
		AFA984DC1A416FE7008D49C1 /* fftdock.gtest.cc in Sources */ = {isa = PBXBuildFile; fileRef = AFA984651A416FE7008D49C1 /* fftdock.gtest.cc */; };
		AFA984DD1A416FE7008D49C1 /* dump_pdb_atom.gtest.cc in Sources */ = {isa = PBXBuildFile; fileRef = AFA984691A416FE7008D49C1 /* dump_pdb_atom.gtest.cc */; };
		AFA984DE1A416FE7008D49C1 /* Scene.gtest.cc in Sources */ = {isa = PBXBuildFile; fileRef = AFA9846C1A416FE7008D49C1 /* Scene.gtest.cc */; };
		AFA984DF1A416FE7008D49C1 /* Scene_test_eigen.gtest.cc in Sources */ = {isa = PBXBuildFile; fileRef = AFA9846F1A416FE7008D49C1 /* Scene_test_eigen.gtest.cc */; };
		AFA984E01A416FE7008D49C1 /* Scene_test_objective.gtest.cc in Sources */ = {isa = PBXBuildFile; fileRef = AFA984701A416FE7008D49C1 /* Scene_test_objective.gtest.cc */; };
		AFA984E11A416FE7008D49C1 /* SceneIterator.gtest.cc in Sources */ = {isa = PBXBuildFile; fileRef = AFA984711A416FE7008D49C1 /* SceneIterator.gtest.cc */; };
		AFA984E21A416FE7008D49C1 /* EulerAnglesMap.gtest.cc in Sources */ = {isa = PBXBuildFile; fileRef = AFA984761A416FE7008D49C1 /* EulerAnglesMap.gtest.cc */; };
		AFA984E31A416FE7008D49C1 /* HecatonicosachoronMap.gtest.cc in Sources */ = {isa = PBXBuildFile; fileRef = AFA984781A416FE7008D49C1 /* HecatonicosachoronMap.gtest.cc */; };
		AFA984E41A416FE7008D49C1 /* parameter_maps.gtest.cc in Sources */ = {isa = PBXBuildFile; fileRef = AFA9847A1A416FE7008D49C1 /* parameter_maps.gtest.cc */; };
		AFA984E51A416FE7008D49C1 /* parameter_maps_test_nbrcell.gtest.cc in Sources */ = {isa = PBXBuildFile; fileRef = AFA9847B1A416FE7008D49C1 /* parameter_maps_test_nbrcell.gtest.cc */; };
		AFA984E61A416FE7008D49C1 /* QuaternionMap.gtest.cc in Sources */ = {isa = PBXBuildFile; fileRef = AFA9847C1A416FE7008D49C1 /* QuaternionMap.gtest.cc */; };
		AFA984E71A416FE7008D49C1 /* Rotation1DMap.gtest.cc in Sources */ = {isa = PBXBuildFile; fileRef = AFA9847E1A416FE7008D49C1 /* Rotation1DMap.gtest.cc */; };
		AFA984E81A416FE7008D49C1 /* SphereDodec.gtest.cc in Sources */ = {isa = PBXBuildFile; fileRef = AFA984811A416FE7008D49C1 /* SphereDodec.gtest.cc */; };
		AFA984E91A416FE7008D49C1 /* SphereQuad.gtest.cc in Sources */ = {isa = PBXBuildFile; fileRef = AFA984831A416FE7008D49C1 /* SphereQuad.gtest.cc */; };
		AFA984EA1A416FE7008D49C1 /* TetracontoctachoronMap.gtest.cc in Sources */ = {isa = PBXBuildFile; fileRef = AFA984851A416FE7008D49C1 /* TetracontoctachoronMap.gtest.cc */; };
		AFA984EB1A416FE7008D49C1 /* MultiNEST.gtest.cc in Sources */ = {isa = PBXBuildFile; fileRef = AFA9848A1A416FE7008D49C1 /* MultiNEST.gtest.cc */; };
		AFA984EC1A416FE7008D49C1 /* NEST.gtest.cc in Sources */ = {isa = PBXBuildFile; fileRef = AFA9848C1A416FE7008D49C1 /* NEST.gtest.cc */; };
		AFA984ED1A416FE7008D49C1 /* NEST_neighbor.gtest.cc in Sources */ = {isa = PBXBuildFile; fileRef = AFA9848F1A416FE7008D49C1 /* NEST_neighbor.gtest.cc */; };
		AFA984EE1A416FE7008D49C1 /* bcc_lattice.gtest.cc in Sources */ = {isa = PBXBuildFile; fileRef = AFA984921A416FE7008D49C1 /* bcc_lattice.gtest.cc */; };
		AFA984EF1A416FE7008D49C1 /* bcc_lattice_orientation.gtest.cc in Sources */ = {isa = PBXBuildFile; fileRef = AFA984941A416FE7008D49C1 /* bcc_lattice_orientation.gtest.cc */; };
		AFA984F01A416FE7008D49C1 /* euler_angles.gtest.cc in Sources */ = {isa = PBXBuildFile; fileRef = AFA984951A416FE7008D49C1 /* euler_angles.gtest.cc */; };
		AFA984F11A416FE7008D49C1 /* FixedPoint.gtest.cc in Sources */ = {isa = PBXBuildFile; fileRef = AFA984971A416FE7008D49C1 /* FixedPoint.gtest.cc */; };
		AFA984F21A416FE7008D49C1 /* geom_4d.gtest.cc in Sources */ = {isa = PBXBuildFile; fileRef = AFA984991A416FE7008D49C1 /* geom_4d.gtest.cc */; };
		AFA984F31A416FE7008D49C1 /* rand_xform.gtest.cc in Sources */ = {isa = PBXBuildFile; fileRef = AFA9849B1A416FE7008D49C1 /* rand_xform.gtest.cc */; };
		AFA984F41A416FE7008D49C1 /* xform_perf.gtest.cc in Sources */ = {isa = PBXBuildFile; fileRef = AFA9849F1A416FE7008D49C1 /* xform_perf.gtest.cc */; };
		AFA984F51A416FE7008D49C1 /* XformHash.gtest.cc in Sources */ = {isa = PBXBuildFile; fileRef = AFA984A21A416FE7008D49C1 /* XformHash.gtest.cc */; };
		AFA984F61A416FE7008D49C1 /* XformHashNeighbors.gtest.cc in Sources */ = {isa = PBXBuildFile; fileRef = AFA984A41A416FE7008D49C1 /* XformHashNeighbors.gtest.cc */; };
		AFA984F71A416FE7008D49C1 /* hbond_5dof.gtest.cc in Sources */ = {isa = PBXBuildFile; fileRef = AFA984A81A416FE7008D49C1 /* hbond_5dof.gtest.cc */; };
		AFA984F81A416FE7008D49C1 /* ObjectiveFunction.gtest.cc in Sources */ = {isa = PBXBuildFile; fileRef = AFA984A91A416FE7008D49C1 /* ObjectiveFunction.gtest.cc */; };
		AFA984F91A416FE7008D49C1 /* FieldCache.gtest.cc in Sources */ = {isa = PBXBuildFile; fileRef = AFA984AE1A416FE7008D49C1 /* FieldCache.gtest.cc */; };
		AFA984FA1A416FE7008D49C1 /* VoxelArray.gtest.cc in Sources */ = {isa = PBXBuildFile; fileRef = AFA984B01A416FE7008D49C1 /* VoxelArray.gtest.cc */; };
		AFA984FB1A416FE7008D49C1 /* atype_map.lib.cc in Sources */ = {isa = PBXBuildFile; fileRef = AFA984B41A416FE7008D49C1 /* atype_map.lib.cc */; };
		AFA984FC1A416FE7008D49C1 /* AnalyticEvaluation.gtest.cc in Sources */ = {isa = PBXBuildFile; fileRef = AFA984B61A416FE7008D49C1 /* AnalyticEvaluation.gtest.cc */; };
		AFA984FD1A416FE7008D49C1 /* EtableParams_init.lib.cc in Sources */ = {isa = PBXBuildFile; fileRef = AFA984BB1A416FE7008D49C1 /* EtableParams_init.lib.cc */; };
		AFA984FE1A416FE7008D49C1 /* RosettaField.gtest.cc in Sources */ = {isa = PBXBuildFile; fileRef = AFA984BC1A416FE7008D49C1 /* RosettaField.gtest.cc */; };
		AFA984FF1A416FE7008D49C1 /* ContainerInteractions.gtest.cc in Sources */ = {isa = PBXBuildFile; fileRef = AFA984C11A416FE7008D49C1 /* ContainerInteractions.gtest.cc */; };
		AFA985001A416FE7008D49C1 /* dilated_int.gtest.cc in Sources */ = {isa = PBXBuildFile; fileRef = AFA984C31A416FE7008D49C1 /* dilated_int.gtest.cc */; };
		AFA985011A416FE7008D49C1 /* hash.gtest.cc in Sources */ = {isa = PBXBuildFile; fileRef = AFA984C51A416FE7008D49C1 /* hash.gtest.cc */; };
		AFA985021A416FE7008D49C1 /* hash_thread.gtest.cc in Sources */ = {isa = PBXBuildFile; fileRef = AFA984C61A416FE7008D49C1 /* hash_thread.gtest.cc */; };
		AFA985031A416FE7008D49C1 /* InstanceMap.gtest.cc in Sources */ = {isa = PBXBuildFile; fileRef = AFA984C81A416FE7008D49C1 /* InstanceMap.gtest.cc */; };
		AFA985041A416FE7008D49C1 /* InstanceMap_container.gtest.cc in Sources */ = {isa = PBXBuildFile; fileRef = AFA984CA1A416FE7008D49C1 /* InstanceMap_container.gtest.cc */; };
		AFA985051A416FE7008D49C1 /* InstanceMap_numeric.gtest.cc in Sources */ = {isa = PBXBuildFile; fileRef = AFA984CB1A416FE7008D49C1 /* InstanceMap_numeric.gtest.cc */; };
		AFA985061A416FE7008D49C1 /* util.gtest.cc in Sources */ = {isa = PBXBuildFile; fileRef = AFA984CF1A416FE7008D49C1 /* util.gtest.cc */; };
		AFA985071A416FE7008D49C1 /* SimpleArray.gtest.cc in Sources */ = {isa = PBXBuildFile; fileRef = AFA984D11A416FE7008D49C1 /* SimpleArray.gtest.cc */; };
		AFA985081A416FE7008D49C1 /* StoragePolicy.gtest.cc in Sources */ = {isa = PBXBuildFile; fileRef = AFA984D31A416FE7008D49C1 /* StoragePolicy.gtest.cc */; };
		AFA985091A416FE7008D49C1 /* template_loop.gtest.cc in Sources */ = {isa = PBXBuildFile; fileRef = AFA984D61A416FE7008D49C1 /* template_loop.gtest.cc */; };
		AFBC187B199A66BF00E7F961 /* main.cpp in Sources */ = {isa = PBXBuildFile; fileRef = AFBC187A199A66BF00E7F961 /* main.cpp */; };
		AFBC187D199A66BF00E7F961 /* quick_test.1 in CopyFiles */ = {isa = PBXBuildFile; fileRef = AFBC187C199A66BF00E7F961 /* quick_test.1 */; };
		AFBC1881199A66C400E7F961 /* quick_test.cc in Sources */ = {isa = PBXBuildFile; fileRef = AFBC1871199A669500E7F961 /* quick_test.cc */; };
		AFBC1883199A676A00E7F961 /* main_test.cc in Sources */ = {isa = PBXBuildFile; fileRef = AFBC1870199A669500E7F961 /* main_test.cc */; };
		AFBC1884199A676B00E7F961 /* main_test.cc in Sources */ = {isa = PBXBuildFile; fileRef = AFBC1870199A669500E7F961 /* main_test.cc */; };
		AFDDB8FD199DE13300650C19 /* libboost_timer.dylib in Frameworks */ = {isa = PBXBuildFile; fileRef = AFDDB8FC199DE13300650C19 /* libboost_timer.dylib */; };
/* End PBXBuildFile section */

/* Begin PBXCopyFilesBuildPhase section */
		AFBC1876199A66BF00E7F961 /* CopyFiles */ = {
			isa = PBXCopyFilesBuildPhase;
			buildActionMask = 2147483647;
			dstPath = /usr/share/man/man1/;
			dstSubfolderSpec = 0;
			files = (
				AFBC187D199A66BF00E7F961 /* quick_test.1 in CopyFiles */,
			);
			runOnlyForDeploymentPostprocessing = 1;
		};
		AFBEE014198986E3007B0DCC /* CopyFiles */ = {
			isa = PBXCopyFilesBuildPhase;
			buildActionMask = 2147483647;
			dstPath = /usr/share/man/man1/;
			dstSubfolderSpec = 0;
			files = (
			);
			runOnlyForDeploymentPostprocessing = 1;
		};
		AFF7A72619898BF800FAF16F /* CopyFiles */ = {
			isa = PBXCopyFilesBuildPhase;
			buildActionMask = 2147483647;
			dstPath = /usr/share/man/man1/;
			dstSubfolderSpec = 0;
			files = (
			);
			runOnlyForDeploymentPostprocessing = 1;
		};
/* End PBXCopyFilesBuildPhase section */

/* Begin PBXFileReference section */
		AF15551919A6746E005E5500 /* libboost_filesystem.dylib */ = {isa = PBXFileReference; lastKnownFileType = "compiled.mach-o.dylib"; name = libboost_filesystem.dylib; path = ../../../../usr/local/Cellar/boost/1.55.0_2/lib/libboost_filesystem.dylib; sourceTree = "<group>"; };
		AF15551B19A67482005E5500 /* libboost_system.dylib */ = {isa = PBXFileReference; lastKnownFileType = "compiled.mach-o.dylib"; name = libboost_system.dylib; path = ../../../../usr/local/Cellar/boost/1.55.0_2/lib/libboost_system.dylib; sourceTree = "<group>"; };
		AF15551D19A67490005E5500 /* libboost_serialization.dylib */ = {isa = PBXFileReference; lastKnownFileType = "compiled.mach-o.dylib"; name = libboost_serialization.dylib; path = ../../../../usr/local/Cellar/boost/1.55.0_2/lib/libboost_serialization.dylib; sourceTree = "<group>"; };
		AF15551F19A674AC005E5500 /* libboost_iostreams.dylib */ = {isa = PBXFileReference; lastKnownFileType = "compiled.mach-o.dylib"; name = libboost_iostreams.dylib; path = ../../../../usr/local/Cellar/boost/1.55.0_2/lib/libboost_iostreams.dylib; sourceTree = "<group>"; };
		AF165D1219899C440038FDFD /* gtest.framework */ = {isa = PBXFileReference; lastKnownFileType = wrapper.framework; name = gtest.framework; path = ../../Library/Frameworks/gtest.framework; sourceTree = "<group>"; };
		AF6AFD6A1A034B5F006F9393 /* libfftw3.3.dylib */ = {isa = PBXFileReference; lastKnownFileType = "compiled.mach-o.dylib"; name = libfftw3.3.dylib; path = ../../../../usr/local/Cellar/fftw/3.3.4/lib/libfftw3.3.dylib; sourceTree = "<group>"; };
		AFA984591A416FE7008D49C1 /* ActorConcept.hh */ = {isa = PBXFileReference; fileEncoding = 4; lastKnownFileType = sourcecode.cpp.h; path = ActorConcept.hh; sourceTree = "<group>"; };
		AFA9845A1A416FE7008D49C1 /* ActorConcept_io.hh */ = {isa = PBXFileReference; fileEncoding = 4; lastKnownFileType = sourcecode.cpp.h; path = ActorConcept_io.hh; sourceTree = "<group>"; };
		AFA9845B1A416FE7008D49C1 /* Atom.hh */ = {isa = PBXFileReference; fileEncoding = 4; lastKnownFileType = sourcecode.cpp.h; path = Atom.hh; sourceTree = "<group>"; };
		AFA9845C1A416FE7008D49C1 /* BBStub.gtest.cc */ = {isa = PBXFileReference; fileEncoding = 4; lastKnownFileType = sourcecode.cpp.cpp; path = BBStub.gtest.cc; sourceTree = "<group>"; };
		AFA9845D1A416FE7008D49C1 /* BBStub.hh */ = {isa = PBXFileReference; fileEncoding = 4; lastKnownFileType = sourcecode.cpp.h; path = BBStub.hh; sourceTree = "<group>"; };
		AFA9845F1A416FE7008D49C1 /* AtomData.hh */ = {isa = PBXFileReference; fileEncoding = 4; lastKnownFileType = sourcecode.cpp.h; path = AtomData.hh; sourceTree = "<group>"; };
		AFA984601A416FE7008D49C1 /* ligand_factory.gtest.cc */ = {isa = PBXFileReference; fileEncoding = 4; lastKnownFileType = sourcecode.cpp.cpp; path = ligand_factory.gtest.cc; sourceTree = "<group>"; };
		AFA984611A416FE7008D49C1 /* ligand_factory.hh */ = {isa = PBXFileReference; fileEncoding = 4; lastKnownFileType = sourcecode.cpp.h; path = ligand_factory.hh; sourceTree = "<group>"; };
		AFA984621A416FE7008D49C1 /* ligand_factory.lib.cc */ = {isa = PBXFileReference; fileEncoding = 4; lastKnownFileType = sourcecode.cpp.cpp; path = ligand_factory.lib.cc; sourceTree = "<group>"; };
		AFA984631A416FE7008D49C1 /* stub.hh */ = {isa = PBXFileReference; fileEncoding = 4; lastKnownFileType = sourcecode.cpp.h; path = stub.hh; sourceTree = "<group>"; };
		AFA984651A416FE7008D49C1 /* fftdock.gtest.cc */ = {isa = PBXFileReference; fileEncoding = 4; lastKnownFileType = sourcecode.cpp.cpp; path = fftdock.gtest.cc; sourceTree = "<group>"; };
		AFA984661A416FE7008D49C1 /* fftdock.hh */ = {isa = PBXFileReference; fileEncoding = 4; lastKnownFileType = sourcecode.cpp.h; path = fftdock.hh; sourceTree = "<group>"; };
		AFA984681A416FE7008D49C1 /* cache.hh */ = {isa = PBXFileReference; fileEncoding = 4; lastKnownFileType = sourcecode.cpp.h; path = cache.hh; sourceTree = "<group>"; };
		AFA984691A416FE7008D49C1 /* dump_pdb_atom.gtest.cc */ = {isa = PBXFileReference; fileEncoding = 4; lastKnownFileType = sourcecode.cpp.cpp; path = dump_pdb_atom.gtest.cc; sourceTree = "<group>"; };
		AFA9846A1A416FE7008D49C1 /* dump_pdb_atom.hh */ = {isa = PBXFileReference; fileEncoding = 4; lastKnownFileType = sourcecode.cpp.h; path = dump_pdb_atom.hh; sourceTree = "<group>"; };
		AFA9846C1A416FE7008D49C1 /* Scene.gtest.cc */ = {isa = PBXFileReference; fileEncoding = 4; lastKnownFileType = sourcecode.cpp.cpp; path = Scene.gtest.cc; sourceTree = "<group>"; };
		AFA9846D1A416FE7008D49C1 /* Scene.hh */ = {isa = PBXFileReference; fileEncoding = 4; lastKnownFileType = sourcecode.cpp.h; path = Scene.hh; sourceTree = "<group>"; };
		AFA9846E1A416FE7008D49C1 /* Scene_io.hh */ = {isa = PBXFileReference; fileEncoding = 4; lastKnownFileType = sourcecode.cpp.h; path = Scene_io.hh; sourceTree = "<group>"; };
		AFA9846F1A416FE7008D49C1 /* Scene_test_eigen.gtest.cc */ = {isa = PBXFileReference; fileEncoding = 4; lastKnownFileType = sourcecode.cpp.cpp; path = Scene_test_eigen.gtest.cc; sourceTree = "<group>"; };
		AFA984701A416FE7008D49C1 /* Scene_test_objective.gtest.cc */ = {isa = PBXFileReference; fileEncoding = 4; lastKnownFileType = sourcecode.cpp.cpp; path = Scene_test_objective.gtest.cc; sourceTree = "<group>"; };
		AFA984711A416FE7008D49C1 /* SceneIterator.gtest.cc */ = {isa = PBXFileReference; fileEncoding = 4; lastKnownFileType = sourcecode.cpp.cpp; path = SceneIterator.gtest.cc; sourceTree = "<group>"; };
		AFA984721A416FE7008D49C1 /* SceneIterator.hh */ = {isa = PBXFileReference; fileEncoding = 4; lastKnownFileType = sourcecode.cpp.h; path = SceneIterator.hh; sourceTree = "<group>"; };
		AFA984751A416FE7008D49C1 /* DiscreteChoiceMap.hh */ = {isa = PBXFileReference; fileEncoding = 4; lastKnownFileType = sourcecode.cpp.h; path = DiscreteChoiceMap.hh; sourceTree = "<group>"; };
		AFA984761A416FE7008D49C1 /* EulerAnglesMap.gtest.cc */ = {isa = PBXFileReference; fileEncoding = 4; lastKnownFileType = sourcecode.cpp.cpp; path = EulerAnglesMap.gtest.cc; sourceTree = "<group>"; };
		AFA984771A416FE7008D49C1 /* EulerAnglesMap.hh */ = {isa = PBXFileReference; fileEncoding = 4; lastKnownFileType = sourcecode.cpp.h; path = EulerAnglesMap.hh; sourceTree = "<group>"; };
		AFA984781A416FE7008D49C1 /* HecatonicosachoronMap.gtest.cc */ = {isa = PBXFileReference; fileEncoding = 4; lastKnownFileType = sourcecode.cpp.cpp; path = HecatonicosachoronMap.gtest.cc; sourceTree = "<group>"; };
		AFA984791A416FE7008D49C1 /* HecatonicosachoronMap.hh */ = {isa = PBXFileReference; fileEncoding = 4; lastKnownFileType = sourcecode.cpp.h; path = HecatonicosachoronMap.hh; sourceTree = "<group>"; };
		AFA9847A1A416FE7008D49C1 /* parameter_maps.gtest.cc */ = {isa = PBXFileReference; fileEncoding = 4; lastKnownFileType = sourcecode.cpp.cpp; path = parameter_maps.gtest.cc; sourceTree = "<group>"; };
		AFA9847B1A416FE7008D49C1 /* parameter_maps_test_nbrcell.gtest.cc */ = {isa = PBXFileReference; fileEncoding = 4; lastKnownFileType = sourcecode.cpp.cpp; path = parameter_maps_test_nbrcell.gtest.cc; sourceTree = "<group>"; };
		AFA9847C1A416FE7008D49C1 /* QuaternionMap.gtest.cc */ = {isa = PBXFileReference; fileEncoding = 4; lastKnownFileType = sourcecode.cpp.cpp; path = QuaternionMap.gtest.cc; sourceTree = "<group>"; };
		AFA9847D1A416FE7008D49C1 /* QuaternionMap.hh */ = {isa = PBXFileReference; fileEncoding = 4; lastKnownFileType = sourcecode.cpp.h; path = QuaternionMap.hh; sourceTree = "<group>"; };
		AFA9847E1A416FE7008D49C1 /* Rotation1DMap.gtest.cc */ = {isa = PBXFileReference; fileEncoding = 4; lastKnownFileType = sourcecode.cpp.cpp; path = Rotation1DMap.gtest.cc; sourceTree = "<group>"; };
		AFA9847F1A416FE7008D49C1 /* Rotation1DMap.hh */ = {isa = PBXFileReference; fileEncoding = 4; lastKnownFileType = sourcecode.cpp.h; path = Rotation1DMap.hh; sourceTree = "<group>"; };
		AFA984801A416FE7008D49C1 /* ScaleMap.hh */ = {isa = PBXFileReference; fileEncoding = 4; lastKnownFileType = sourcecode.cpp.h; path = ScaleMap.hh; sourceTree = "<group>"; };
		AFA984811A416FE7008D49C1 /* SphereDodec.gtest.cc */ = {isa = PBXFileReference; fileEncoding = 4; lastKnownFileType = sourcecode.cpp.cpp; path = SphereDodec.gtest.cc; sourceTree = "<group>"; };
		AFA984821A416FE7008D49C1 /* SphereDodec.hh */ = {isa = PBXFileReference; fileEncoding = 4; lastKnownFileType = sourcecode.cpp.h; path = SphereDodec.hh; sourceTree = "<group>"; };
		AFA984831A416FE7008D49C1 /* SphereQuad.gtest.cc */ = {isa = PBXFileReference; fileEncoding = 4; lastKnownFileType = sourcecode.cpp.cpp; path = SphereQuad.gtest.cc; sourceTree = "<group>"; };
		AFA984841A416FE7008D49C1 /* SphereQuad.hh */ = {isa = PBXFileReference; fileEncoding = 4; lastKnownFileType = sourcecode.cpp.h; path = SphereQuad.hh; sourceTree = "<group>"; };
		AFA984851A416FE7008D49C1 /* TetracontoctachoronMap.gtest.cc */ = {isa = PBXFileReference; fileEncoding = 4; lastKnownFileType = sourcecode.cpp.cpp; path = TetracontoctachoronMap.gtest.cc; sourceTree = "<group>"; };
		AFA984861A416FE7008D49C1 /* TetracontoctachoronMap.hh */ = {isa = PBXFileReference; fileEncoding = 4; lastKnownFileType = sourcecode.cpp.h; path = TetracontoctachoronMap.hh; sourceTree = "<group>"; };
		AFA984871A416FE7008D49C1 /* UnitMap.hh */ = {isa = PBXFileReference; fileEncoding = 4; lastKnownFileType = sourcecode.cpp.h; path = UnitMap.hh; sourceTree = "<group>"; };
		AFA984891A416FE7008D49C1 /* get_quaternion_component.hh */ = {isa = PBXFileReference; fileEncoding = 4; lastKnownFileType = sourcecode.cpp.h; path = get_quaternion_component.hh; sourceTree = "<group>"; };
		AFA9848A1A416FE7008D49C1 /* MultiNEST.gtest.cc */ = {isa = PBXFileReference; fileEncoding = 4; lastKnownFileType = sourcecode.cpp.cpp; path = MultiNEST.gtest.cc; sourceTree = "<group>"; };
		AFA9848B1A416FE7008D49C1 /* MultiNest.hh */ = {isa = PBXFileReference; fileEncoding = 4; lastKnownFileType = sourcecode.cpp.h; path = MultiNest.hh; sourceTree = "<group>"; };
		AFA9848C1A416FE7008D49C1 /* NEST.gtest.cc */ = {isa = PBXFileReference; fileEncoding = 4; lastKnownFileType = sourcecode.cpp.cpp; path = NEST.gtest.cc; sourceTree = "<group>"; };
		AFA9848D1A416FE7008D49C1 /* NEST.hh */ = {isa = PBXFileReference; fileEncoding = 4; lastKnownFileType = sourcecode.cpp.h; path = NEST.hh; sourceTree = "<group>"; };
		AFA9848E1A416FE7008D49C1 /* NEST_concepts.hh */ = {isa = PBXFileReference; fileEncoding = 4; lastKnownFileType = sourcecode.cpp.h; path = NEST_concepts.hh; sourceTree = "<group>"; };
		AFA9848F1A416FE7008D49C1 /* NEST_neighbor.gtest.cc */ = {isa = PBXFileReference; fileEncoding = 4; lastKnownFileType = sourcecode.cpp.cpp; path = NEST_neighbor.gtest.cc; sourceTree = "<group>"; };
		AFA984901A416FE7008D49C1 /* NEST_test_util.hh */ = {isa = PBXFileReference; fileEncoding = 4; lastKnownFileType = sourcecode.cpp.h; path = NEST_test_util.hh; sourceTree = "<group>"; };
		AFA984921A416FE7008D49C1 /* bcc_lattice.gtest.cc */ = {isa = PBXFileReference; fileEncoding = 4; lastKnownFileType = sourcecode.cpp.cpp; path = bcc_lattice.gtest.cc; sourceTree = "<group>"; };
		AFA984931A416FE7008D49C1 /* bcc_lattice.hh */ = {isa = PBXFileReference; fileEncoding = 4; lastKnownFileType = sourcecode.cpp.h; path = bcc_lattice.hh; sourceTree = "<group>"; };
		AFA984941A416FE7008D49C1 /* bcc_lattice_orientation.gtest.cc */ = {isa = PBXFileReference; fileEncoding = 4; lastKnownFileType = sourcecode.cpp.cpp; path = bcc_lattice_orientation.gtest.cc; sourceTree = "<group>"; };
		AFA984951A416FE7008D49C1 /* euler_angles.gtest.cc */ = {isa = PBXFileReference; fileEncoding = 4; lastKnownFileType = sourcecode.cpp.cpp; path = euler_angles.gtest.cc; sourceTree = "<group>"; };
		AFA984961A416FE7008D49C1 /* euler_angles.hh */ = {isa = PBXFileReference; fileEncoding = 4; lastKnownFileType = sourcecode.cpp.h; path = euler_angles.hh; sourceTree = "<group>"; };
		AFA984971A416FE7008D49C1 /* FixedPoint.gtest.cc */ = {isa = PBXFileReference; fileEncoding = 4; lastKnownFileType = sourcecode.cpp.cpp; path = FixedPoint.gtest.cc; sourceTree = "<group>"; };
		AFA984981A416FE7008D49C1 /* FixedPoint.hh */ = {isa = PBXFileReference; fileEncoding = 4; lastKnownFileType = sourcecode.cpp.h; path = FixedPoint.hh; sourceTree = "<group>"; };
		AFA984991A416FE7008D49C1 /* geom_4d.gtest.cc */ = {isa = PBXFileReference; fileEncoding = 4; lastKnownFileType = sourcecode.cpp.cpp; path = geom_4d.gtest.cc; sourceTree = "<group>"; };
		AFA9849A1A416FE7008D49C1 /* geom_4d.hh */ = {isa = PBXFileReference; fileEncoding = 4; lastKnownFileType = sourcecode.cpp.h; path = geom_4d.hh; sourceTree = "<group>"; };
		AFA9849B1A416FE7008D49C1 /* rand_xform.gtest.cc */ = {isa = PBXFileReference; fileEncoding = 4; lastKnownFileType = sourcecode.cpp.cpp; path = rand_xform.gtest.cc; sourceTree = "<group>"; };
		AFA9849C1A416FE7008D49C1 /* rand_xform.hh */ = {isa = PBXFileReference; fileEncoding = 4; lastKnownFileType = sourcecode.cpp.h; path = rand_xform.hh; sourceTree = "<group>"; };
		AFA9849D1A416FE7008D49C1 /* util.hh */ = {isa = PBXFileReference; fileEncoding = 4; lastKnownFileType = sourcecode.cpp.h; path = util.hh; sourceTree = "<group>"; };
		AFA9849E1A416FE7008D49C1 /* X1dim.hh */ = {isa = PBXFileReference; fileEncoding = 4; lastKnownFileType = sourcecode.cpp.h; path = X1dim.hh; sourceTree = "<group>"; };
		AFA9849F1A416FE7008D49C1 /* xform_perf.gtest.cc */ = {isa = PBXFileReference; fileEncoding = 4; lastKnownFileType = sourcecode.cpp.cpp; path = xform_perf.gtest.cc; sourceTree = "<group>"; };
		AFA984A21A416FE7008D49C1 /* XformHash.gtest.cc */ = {isa = PBXFileReference; fileEncoding = 4; lastKnownFileType = sourcecode.cpp.cpp; path = XformHash.gtest.cc; sourceTree = "<group>"; };
		AFA984A31A416FE7008D49C1 /* XformHash.hh */ = {isa = PBXFileReference; fileEncoding = 4; lastKnownFileType = sourcecode.cpp.h; path = XformHash.hh; sourceTree = "<group>"; };
		AFA984A41A416FE7008D49C1 /* XformHashNeighbors.gtest.cc */ = {isa = PBXFileReference; fileEncoding = 4; lastKnownFileType = sourcecode.cpp.cpp; path = XformHashNeighbors.gtest.cc; sourceTree = "<group>"; };
		AFA984A51A416FE7008D49C1 /* XformHashNeighbors.hh */ = {isa = PBXFileReference; fileEncoding = 4; lastKnownFileType = sourcecode.cpp.h; path = XformHashNeighbors.hh; sourceTree = "<group>"; };
		AFA984A61A416FE7008D49C1 /* XformMap.hh */ = {isa = PBXFileReference; fileEncoding = 4; lastKnownFileType = sourcecode.cpp.h; path = XformMap.hh; sourceTree = "<group>"; };
		AFA984A81A416FE7008D49C1 /* hbond_5dof.gtest.cc */ = {isa = PBXFileReference; fileEncoding = 4; lastKnownFileType = sourcecode.cpp.cpp; path = hbond_5dof.gtest.cc; sourceTree = "<group>"; };
		AFA984A91A416FE7008D49C1 /* ObjectiveFunction.gtest.cc */ = {isa = PBXFileReference; fileEncoding = 4; lastKnownFileType = sourcecode.cpp.cpp; path = ObjectiveFunction.gtest.cc; sourceTree = "<group>"; };
		AFA984AA1A416FE7008D49C1 /* ObjectiveFunction.hh */ = {isa = PBXFileReference; fileEncoding = 4; lastKnownFileType = sourcecode.cpp.h; path = ObjectiveFunction.hh; sourceTree = "<group>"; };
		AFA984AB1A416FE7008D49C1 /* ObjectiveFunction_io.hh */ = {isa = PBXFileReference; fileEncoding = 4; lastKnownFileType = sourcecode.cpp.h; path = ObjectiveFunction_io.hh; sourceTree = "<group>"; };
		AFA984AC1A416FE7008D49C1 /* ObjectiveVisitor.hh */ = {isa = PBXFileReference; fileEncoding = 4; lastKnownFileType = sourcecode.cpp.h; path = ObjectiveVisitor.hh; sourceTree = "<group>"; };
		AFA984AE1A416FE7008D49C1 /* FieldCache.gtest.cc */ = {isa = PBXFileReference; fileEncoding = 4; lastKnownFileType = sourcecode.cpp.cpp; path = FieldCache.gtest.cc; sourceTree = "<group>"; };
		AFA984AF1A416FE7008D49C1 /* FieldCache.hh */ = {isa = PBXFileReference; fileEncoding = 4; lastKnownFileType = sourcecode.cpp.h; path = FieldCache.hh; sourceTree = "<group>"; };
		AFA984B01A416FE7008D49C1 /* VoxelArray.gtest.cc */ = {isa = PBXFileReference; fileEncoding = 4; lastKnownFileType = sourcecode.cpp.cpp; path = VoxelArray.gtest.cc; sourceTree = "<group>"; };
		AFA984B11A416FE7008D49C1 /* VoxelArray.hh */ = {isa = PBXFileReference; fileEncoding = 4; lastKnownFileType = sourcecode.cpp.h; path = VoxelArray.hh; sourceTree = "<group>"; };
		AFA984B31A416FE7008D49C1 /* atype_map.hh */ = {isa = PBXFileReference; fileEncoding = 4; lastKnownFileType = sourcecode.cpp.h; path = atype_map.hh; sourceTree = "<group>"; };
		AFA984B41A416FE7008D49C1 /* atype_map.lib.cc */ = {isa = PBXFileReference; fileEncoding = 4; lastKnownFileType = sourcecode.cpp.cpp; path = atype_map.lib.cc; sourceTree = "<group>"; };
		AFA984B61A416FE7008D49C1 /* AnalyticEvaluation.gtest.cc */ = {isa = PBXFileReference; fileEncoding = 4; lastKnownFileType = sourcecode.cpp.cpp; path = AnalyticEvaluation.gtest.cc; sourceTree = "<group>"; };
		AFA984B71A416FE7008D49C1 /* AnalyticEvaluation.hh */ = {isa = PBXFileReference; fileEncoding = 4; lastKnownFileType = sourcecode.cpp.h; path = AnalyticEvaluation.hh; sourceTree = "<group>"; };
		AFA984B81A416FE7008D49C1 /* CubicPolynomial.hh */ = {isa = PBXFileReference; fileEncoding = 4; lastKnownFileType = sourcecode.cpp.h; path = CubicPolynomial.hh; sourceTree = "<group>"; };
		AFA984B91A416FE7008D49C1 /* EtableParams.hh */ = {isa = PBXFileReference; fileEncoding = 4; lastKnownFileType = sourcecode.cpp.h; path = EtableParams.hh; sourceTree = "<group>"; };
		AFA984BA1A416FE7008D49C1 /* EtableParams_init.hh */ = {isa = PBXFileReference; fileEncoding = 4; lastKnownFileType = sourcecode.cpp.h; path = EtableParams_init.hh; sourceTree = "<group>"; };
		AFA984BB1A416FE7008D49C1 /* EtableParams_init.lib.cc */ = {isa = PBXFileReference; fileEncoding = 4; lastKnownFileType = sourcecode.cpp.cpp; path = EtableParams_init.lib.cc; sourceTree = "<group>"; };
		AFA984BC1A416FE7008D49C1 /* RosettaField.gtest.cc */ = {isa = PBXFileReference; fileEncoding = 4; lastKnownFileType = sourcecode.cpp.cpp; path = RosettaField.gtest.cc; sourceTree = "<group>"; };
		AFA984BD1A416FE7008D49C1 /* RosettaField.hh */ = {isa = PBXFileReference; fileEncoding = 4; lastKnownFileType = sourcecode.cpp.h; path = RosettaField.hh; sourceTree = "<group>"; };
		AFA984BE1A416FE7008D49C1 /* types.hh */ = {isa = PBXFileReference; fileEncoding = 4; lastKnownFileType = sourcecode.cpp.h; path = types.hh; sourceTree = "<group>"; };
		AFA984C11A416FE7008D49C1 /* ContainerInteractions.gtest.cc */ = {isa = PBXFileReference; fileEncoding = 4; lastKnownFileType = sourcecode.cpp.cpp; path = ContainerInteractions.gtest.cc; sourceTree = "<group>"; };
		AFA984C21A416FE7008D49C1 /* ContainerInteractions.hh */ = {isa = PBXFileReference; fileEncoding = 4; lastKnownFileType = sourcecode.cpp.h; path = ContainerInteractions.hh; sourceTree = "<group>"; };
		AFA984C31A416FE7008D49C1 /* dilated_int.gtest.cc */ = {isa = PBXFileReference; fileEncoding = 4; lastKnownFileType = sourcecode.cpp.cpp; path = dilated_int.gtest.cc; sourceTree = "<group>"; };
		AFA984C41A416FE7008D49C1 /* dilated_int.hh */ = {isa = PBXFileReference; fileEncoding = 4; lastKnownFileType = sourcecode.cpp.h; path = dilated_int.hh; sourceTree = "<group>"; };
		AFA984C51A416FE7008D49C1 /* hash.gtest.cc */ = {isa = PBXFileReference; fileEncoding = 4; lastKnownFileType = sourcecode.cpp.cpp; path = hash.gtest.cc; sourceTree = "<group>"; };
		AFA984C61A416FE7008D49C1 /* hash_thread.gtest.cc */ = {isa = PBXFileReference; fileEncoding = 4; lastKnownFileType = sourcecode.cpp.cpp; path = hash_thread.gtest.cc; sourceTree = "<group>"; };
		AFA984C81A416FE7008D49C1 /* InstanceMap.gtest.cc */ = {isa = PBXFileReference; fileEncoding = 4; lastKnownFileType = sourcecode.cpp.cpp; path = InstanceMap.gtest.cc; sourceTree = "<group>"; };
		AFA984C91A416FE7008D49C1 /* InstanceMap.hh */ = {isa = PBXFileReference; fileEncoding = 4; lastKnownFileType = sourcecode.cpp.h; path = InstanceMap.hh; sourceTree = "<group>"; };
		AFA984CA1A416FE7008D49C1 /* InstanceMap_container.gtest.cc */ = {isa = PBXFileReference; fileEncoding = 4; lastKnownFileType = sourcecode.cpp.cpp; path = InstanceMap_container.gtest.cc; sourceTree = "<group>"; };
		AFA984CB1A416FE7008D49C1 /* InstanceMap_numeric.gtest.cc */ = {isa = PBXFileReference; fileEncoding = 4; lastKnownFileType = sourcecode.cpp.cpp; path = InstanceMap_numeric.gtest.cc; sourceTree = "<group>"; };
		AFA984CC1A416FE7008D49C1 /* intersect.hh */ = {isa = PBXFileReference; fileEncoding = 4; lastKnownFileType = sourcecode.cpp.h; path = intersect.hh; sourceTree = "<group>"; };
		AFA984CD1A416FE7008D49C1 /* print_type.hh */ = {isa = PBXFileReference; fileEncoding = 4; lastKnownFileType = sourcecode.cpp.h; path = print_type.hh; sourceTree = "<group>"; };
		AFA984CE1A416FE7008D49C1 /* ref_wrap.hh */ = {isa = PBXFileReference; fileEncoding = 4; lastKnownFileType = sourcecode.cpp.h; path = ref_wrap.hh; sourceTree = "<group>"; };
		AFA984CF1A416FE7008D49C1 /* util.gtest.cc */ = {isa = PBXFileReference; fileEncoding = 4; lastKnownFileType = sourcecode.cpp.cpp; path = util.gtest.cc; sourceTree = "<group>"; };
		AFA984D01A416FE7008D49C1 /* util.hh */ = {isa = PBXFileReference; fileEncoding = 4; lastKnownFileType = sourcecode.cpp.h; path = util.hh; sourceTree = "<group>"; };
		AFA984D11A416FE7008D49C1 /* SimpleArray.gtest.cc */ = {isa = PBXFileReference; fileEncoding = 4; lastKnownFileType = sourcecode.cpp.cpp; path = SimpleArray.gtest.cc; sourceTree = "<group>"; };
		AFA984D21A416FE7008D49C1 /* SimpleArray.hh */ = {isa = PBXFileReference; fileEncoding = 4; lastKnownFileType = sourcecode.cpp.h; path = SimpleArray.hh; sourceTree = "<group>"; };
		AFA984D31A416FE7008D49C1 /* StoragePolicy.gtest.cc */ = {isa = PBXFileReference; fileEncoding = 4; lastKnownFileType = sourcecode.cpp.cpp; path = StoragePolicy.gtest.cc; sourceTree = "<group>"; };
		AFA984D41A416FE7008D49C1 /* StoragePolicy.hh */ = {isa = PBXFileReference; fileEncoding = 4; lastKnownFileType = sourcecode.cpp.h; path = StoragePolicy.hh; sourceTree = "<group>"; };
		AFA984D51A416FE7008D49C1 /* str.hh */ = {isa = PBXFileReference; fileEncoding = 4; lastKnownFileType = sourcecode.cpp.h; path = str.hh; sourceTree = "<group>"; };
		AFA984D61A416FE7008D49C1 /* template_loop.gtest.cc */ = {isa = PBXFileReference; fileEncoding = 4; lastKnownFileType = sourcecode.cpp.cpp; path = template_loop.gtest.cc; sourceTree = "<group>"; };
		AFA984D71A416FE7008D49C1 /* template_loop.hh */ = {isa = PBXFileReference; fileEncoding = 4; lastKnownFileType = sourcecode.cpp.h; path = template_loop.hh; sourceTree = "<group>"; };
		AFA984D81A416FE7008D49C1 /* template_math.hh */ = {isa = PBXFileReference; fileEncoding = 4; lastKnownFileType = sourcecode.cpp.h; path = template_math.hh; sourceTree = "<group>"; };
		AFBC186F199A669500E7F961 /* gtest_util.hh */ = {isa = PBXFileReference; fileEncoding = 4; lastKnownFileType = sourcecode.cpp.h; path = gtest_util.hh; sourceTree = "<group>"; };
		AFBC1870199A669500E7F961 /* main_test.cc */ = {isa = PBXFileReference; fileEncoding = 4; lastKnownFileType = sourcecode.cpp.cpp; path = main_test.cc; sourceTree = "<group>"; };
		AFBC1871199A669500E7F961 /* quick_test.cc */ = {isa = PBXFileReference; fileEncoding = 4; lastKnownFileType = sourcecode.cpp.cpp; path = quick_test.cc; sourceTree = "<group>"; };
		AFBC1878199A66BF00E7F961 /* quick_test */ = {isa = PBXFileReference; explicitFileType = "compiled.mach-o.executable"; includeInIndex = 0; path = quick_test; sourceTree = BUILT_PRODUCTS_DIR; };
		AFBC187A199A66BF00E7F961 /* main.cpp */ = {isa = PBXFileReference; lastKnownFileType = sourcecode.cpp.cpp; path = main.cpp; sourceTree = "<group>"; };
		AFBC187C199A66BF00E7F961 /* quick_test.1 */ = {isa = PBXFileReference; lastKnownFileType = text.man; path = quick_test.1; sourceTree = "<group>"; };
		AFBEE016198986E3007B0DCC /* Scheme */ = {isa = PBXFileReference; explicitFileType = "compiled.mach-o.executable"; includeInIndex = 0; path = Scheme; sourceTree = BUILT_PRODUCTS_DIR; };
		AFDDB8FC199DE13300650C19 /* libboost_timer.dylib */ = {isa = PBXFileReference; lastKnownFileType = "compiled.mach-o.dylib"; name = libboost_timer.dylib; path = ../../../../usr/local/Cellar/boost/1.55.0_2/lib/libboost_timer.dylib; sourceTree = "<group>"; };
		AFF7A72819898BF800FAF16F /* main_test */ = {isa = PBXFileReference; explicitFileType = "compiled.mach-o.executable"; includeInIndex = 0; path = main_test; sourceTree = BUILT_PRODUCTS_DIR; };
/* End PBXFileReference section */

/* Begin PBXFrameworksBuildPhase section */
		AFBC1875199A66BF00E7F961 /* Frameworks */ = {
			isa = PBXFrameworksBuildPhase;
			buildActionMask = 2147483647;
			files = (
			);
			runOnlyForDeploymentPostprocessing = 0;
		};
		AFBEE013198986E3007B0DCC /* Frameworks */ = {
			isa = PBXFrameworksBuildPhase;
			buildActionMask = 2147483647;
			files = (
				AF6AFD6B1A034B5F006F9393 /* libfftw3.3.dylib in Frameworks */,
				AF15552019A674AC005E5500 /* libboost_iostreams.dylib in Frameworks */,
				AF15551E19A67490005E5500 /* libboost_serialization.dylib in Frameworks */,
				AF15551C19A67482005E5500 /* libboost_system.dylib in Frameworks */,
				AF15551A19A6746E005E5500 /* libboost_filesystem.dylib in Frameworks */,
				AFDDB8FD199DE13300650C19 /* libboost_timer.dylib in Frameworks */,
				AF165D1319899C440038FDFD /* gtest.framework in Frameworks */,
			);
			runOnlyForDeploymentPostprocessing = 0;
		};
		AFF7A72519898BF800FAF16F /* Frameworks */ = {
			isa = PBXFrameworksBuildPhase;
			buildActionMask = 2147483647;
			files = (
			);
			runOnlyForDeploymentPostprocessing = 0;
		};
/* End PBXFrameworksBuildPhase section */

/* Begin PBXGroup section */
		AFA984571A416FE7008D49C1 /* scheme */ = {
			isa = PBXGroup;
			children = (
				AFA984581A416FE7008D49C1 /* actor */,
				AFA9845E1A416FE7008D49C1 /* chemical */,
				AFA984641A416FE7008D49C1 /* dock */,
				AFA984671A416FE7008D49C1 /* io */,
				AFA9846B1A416FE7008D49C1 /* kinematics */,
				AFA984731A416FE7008D49C1 /* nest */,
				AFA984911A416FE7008D49C1 /* numeric */,
				AFA984A01A416FE7008D49C1 /* objective */,
				AFA984B21A416FE7008D49C1 /* rosetta */,
				AFA984BE1A416FE7008D49C1 /* types.hh */,
				AFA984BF1A416FE7008D49C1 /* util */,
			);
			name = scheme;
			path = ../scheme;
			sourceTree = "<group>";
		};
		AFA984581A416FE7008D49C1 /* actor */ = {
			isa = PBXGroup;
			children = (
				AFA984591A416FE7008D49C1 /* ActorConcept.hh */,
				AFA9845A1A416FE7008D49C1 /* ActorConcept_io.hh */,
				AFA9845B1A416FE7008D49C1 /* Atom.hh */,
				AFA9845C1A416FE7008D49C1 /* BBStub.gtest.cc */,
				AFA9845D1A416FE7008D49C1 /* BBStub.hh */,
			);
			path = actor;
			sourceTree = "<group>";
		};
		AFA9845E1A416FE7008D49C1 /* chemical */ = {
			isa = PBXGroup;
			children = (
				AFA9845F1A416FE7008D49C1 /* AtomData.hh */,
				AFA984601A416FE7008D49C1 /* ligand_factory.gtest.cc */,
				AFA984611A416FE7008D49C1 /* ligand_factory.hh */,
				AFA984621A416FE7008D49C1 /* ligand_factory.lib.cc */,
				AFA984631A416FE7008D49C1 /* stub.hh */,
			);
			path = chemical;
			sourceTree = "<group>";
		};
		AFA984641A416FE7008D49C1 /* dock */ = {
			isa = PBXGroup;
			children = (
				AFA984651A416FE7008D49C1 /* fftdock.gtest.cc */,
				AFA984661A416FE7008D49C1 /* fftdock.hh */,
			);
			path = dock;
			sourceTree = "<group>";
		};
		AFA984671A416FE7008D49C1 /* io */ = {
			isa = PBXGroup;
			children = (
				AFA984681A416FE7008D49C1 /* cache.hh */,
				AFA984691A416FE7008D49C1 /* dump_pdb_atom.gtest.cc */,
				AFA9846A1A416FE7008D49C1 /* dump_pdb_atom.hh */,
			);
			path = io;
			sourceTree = "<group>";
		};
		AFA9846B1A416FE7008D49C1 /* kinematics */ = {
			isa = PBXGroup;
			children = (
				AFA9846C1A416FE7008D49C1 /* Scene.gtest.cc */,
				AFA9846D1A416FE7008D49C1 /* Scene.hh */,
				AFA9846E1A416FE7008D49C1 /* Scene_io.hh */,
				AFA9846F1A416FE7008D49C1 /* Scene_test_eigen.gtest.cc */,
				AFA984701A416FE7008D49C1 /* Scene_test_objective.gtest.cc */,
				AFA984711A416FE7008D49C1 /* SceneIterator.gtest.cc */,
				AFA984721A416FE7008D49C1 /* SceneIterator.hh */,
			);
			path = kinematics;
			sourceTree = "<group>";
		};
		AFA984731A416FE7008D49C1 /* nest */ = {
			isa = PBXGroup;
			children = (
				AFA984741A416FE7008D49C1 /* maps */,
				AFA9848A1A416FE7008D49C1 /* MultiNEST.gtest.cc */,
				AFA9848B1A416FE7008D49C1 /* MultiNest.hh */,
				AFA9848C1A416FE7008D49C1 /* NEST.gtest.cc */,
				AFA9848D1A416FE7008D49C1 /* NEST.hh */,
				AFA9848E1A416FE7008D49C1 /* NEST_concepts.hh */,
				AFA9848F1A416FE7008D49C1 /* NEST_neighbor.gtest.cc */,
				AFA984901A416FE7008D49C1 /* NEST_test_util.hh */,
			);
			path = nest;
			sourceTree = "<group>";
		};
		AFA984741A416FE7008D49C1 /* maps */ = {
			isa = PBXGroup;
			children = (
				AFA984751A416FE7008D49C1 /* DiscreteChoiceMap.hh */,
				AFA984761A416FE7008D49C1 /* EulerAnglesMap.gtest.cc */,
				AFA984771A416FE7008D49C1 /* EulerAnglesMap.hh */,
				AFA984781A416FE7008D49C1 /* HecatonicosachoronMap.gtest.cc */,
				AFA984791A416FE7008D49C1 /* HecatonicosachoronMap.hh */,
				AFA9847A1A416FE7008D49C1 /* parameter_maps.gtest.cc */,
				AFA9847B1A416FE7008D49C1 /* parameter_maps_test_nbrcell.gtest.cc */,
				AFA9847C1A416FE7008D49C1 /* QuaternionMap.gtest.cc */,
				AFA9847D1A416FE7008D49C1 /* QuaternionMap.hh */,
				AFA9847E1A416FE7008D49C1 /* Rotation1DMap.gtest.cc */,
				AFA9847F1A416FE7008D49C1 /* Rotation1DMap.hh */,
				AFA984801A416FE7008D49C1 /* ScaleMap.hh */,
				AFA984811A416FE7008D49C1 /* SphereDodec.gtest.cc */,
				AFA984821A416FE7008D49C1 /* SphereDodec.hh */,
				AFA984831A416FE7008D49C1 /* SphereQuad.gtest.cc */,
				AFA984841A416FE7008D49C1 /* SphereQuad.hh */,
				AFA984851A416FE7008D49C1 /* TetracontoctachoronMap.gtest.cc */,
				AFA984861A416FE7008D49C1 /* TetracontoctachoronMap.hh */,
				AFA984871A416FE7008D49C1 /* UnitMap.hh */,
				AFA984881A416FE7008D49C1 /* util */,
			);
			path = maps;
			sourceTree = "<group>";
		};
		AFA984881A416FE7008D49C1 /* util */ = {
			isa = PBXGroup;
			children = (
				AFA984891A416FE7008D49C1 /* get_quaternion_component.hh */,
			);
			path = util;
			sourceTree = "<group>";
		};
		AFA984911A416FE7008D49C1 /* numeric */ = {
			isa = PBXGroup;
			children = (
				AFA984921A416FE7008D49C1 /* bcc_lattice.gtest.cc */,
				AFA984931A416FE7008D49C1 /* bcc_lattice.hh */,
				AFA984941A416FE7008D49C1 /* bcc_lattice_orientation.gtest.cc */,
				AFA984951A416FE7008D49C1 /* euler_angles.gtest.cc */,
				AFA984961A416FE7008D49C1 /* euler_angles.hh */,
				AFA984971A416FE7008D49C1 /* FixedPoint.gtest.cc */,
				AFA984981A416FE7008D49C1 /* FixedPoint.hh */,
				AFA984991A416FE7008D49C1 /* geom_4d.gtest.cc */,
				AFA9849A1A416FE7008D49C1 /* geom_4d.hh */,
				AFA9849B1A416FE7008D49C1 /* rand_xform.gtest.cc */,
				AFA9849C1A416FE7008D49C1 /* rand_xform.hh */,
				AFA9849D1A416FE7008D49C1 /* util.hh */,
				AFA9849E1A416FE7008D49C1 /* X1dim.hh */,
				AFA9849F1A416FE7008D49C1 /* xform_perf.gtest.cc */,
			);
			path = numeric;
			sourceTree = "<group>";
		};
		AFA984A01A416FE7008D49C1 /* objective */ = {
			isa = PBXGroup;
			children = (
				AFA984A11A416FE7008D49C1 /* hash */,
				AFA984A71A416FE7008D49C1 /* methods */,
				AFA984A91A416FE7008D49C1 /* ObjectiveFunction.gtest.cc */,
				AFA984AA1A416FE7008D49C1 /* ObjectiveFunction.hh */,
				AFA984AB1A416FE7008D49C1 /* ObjectiveFunction_io.hh */,
				AFA984AC1A416FE7008D49C1 /* ObjectiveVisitor.hh */,
				AFA984AD1A416FE7008D49C1 /* voxel */,
			);
			path = objective;
			sourceTree = "<group>";
		};
		AFA984A11A416FE7008D49C1 /* hash */ = {
			isa = PBXGroup;
			children = (
				AFA984A21A416FE7008D49C1 /* XformHash.gtest.cc */,
				AFA984A31A416FE7008D49C1 /* XformHash.hh */,
				AFA984A41A416FE7008D49C1 /* XformHashNeighbors.gtest.cc */,
				AFA984A51A416FE7008D49C1 /* XformHashNeighbors.hh */,
				AFA984A61A416FE7008D49C1 /* XformMap.hh */,
			);
			path = hash;
			sourceTree = "<group>";
		};
		AFA984A71A416FE7008D49C1 /* methods */ = {
			isa = PBXGroup;
			children = (
				AFA984A81A416FE7008D49C1 /* hbond_5dof.gtest.cc */,
			);
			path = methods;
			sourceTree = "<group>";
		};
		AFA984AD1A416FE7008D49C1 /* voxel */ = {
			isa = PBXGroup;
			children = (
				AFA984AE1A416FE7008D49C1 /* FieldCache.gtest.cc */,
				AFA984AF1A416FE7008D49C1 /* FieldCache.hh */,
				AFA984B01A416FE7008D49C1 /* VoxelArray.gtest.cc */,
				AFA984B11A416FE7008D49C1 /* VoxelArray.hh */,
			);
			path = voxel;
			sourceTree = "<group>";
		};
		AFA984B21A416FE7008D49C1 /* rosetta */ = {
			isa = PBXGroup;
			children = (
				AFA984B31A416FE7008D49C1 /* atype_map.hh */,
				AFA984B41A416FE7008D49C1 /* atype_map.lib.cc */,
				AFA984B51A416FE7008D49C1 /* score */,
			);
			path = rosetta;
			sourceTree = "<group>";
		};
		AFA984B51A416FE7008D49C1 /* score */ = {
			isa = PBXGroup;
			children = (
				AFA984B61A416FE7008D49C1 /* AnalyticEvaluation.gtest.cc */,
				AFA984B71A416FE7008D49C1 /* AnalyticEvaluation.hh */,
				AFA984B81A416FE7008D49C1 /* CubicPolynomial.hh */,
				AFA984B91A416FE7008D49C1 /* EtableParams.hh */,
				AFA984BA1A416FE7008D49C1 /* EtableParams_init.hh */,
				AFA984BB1A416FE7008D49C1 /* EtableParams_init.lib.cc */,
				AFA984BC1A416FE7008D49C1 /* RosettaField.gtest.cc */,
				AFA984BD1A416FE7008D49C1 /* RosettaField.hh */,
			);
			path = score;
			sourceTree = "<group>";
		};
		AFA984BF1A416FE7008D49C1 /* util */ = {
			isa = PBXGroup;
			children = (
				AFA984C01A416FE7008D49C1 /* container */,
				AFA984C31A416FE7008D49C1 /* dilated_int.gtest.cc */,
				AFA984C41A416FE7008D49C1 /* dilated_int.hh */,
				AFA984C51A416FE7008D49C1 /* hash.gtest.cc */,
				AFA984C61A416FE7008D49C1 /* hash_thread.gtest.cc */,
				AFA984C71A416FE7008D49C1 /* meta */,
				AFA984D11A416FE7008D49C1 /* SimpleArray.gtest.cc */,
				AFA984D21A416FE7008D49C1 /* SimpleArray.hh */,
				AFA984D31A416FE7008D49C1 /* StoragePolicy.gtest.cc */,
				AFA984D41A416FE7008D49C1 /* StoragePolicy.hh */,
				AFA984D51A416FE7008D49C1 /* str.hh */,
				AFA984D61A416FE7008D49C1 /* template_loop.gtest.cc */,
				AFA984D71A416FE7008D49C1 /* template_loop.hh */,
				AFA984D81A416FE7008D49C1 /* template_math.hh */,
			);
			path = util;
			sourceTree = "<group>";
		};
		AFA984C01A416FE7008D49C1 /* container */ = {
			isa = PBXGroup;
			children = (
				AFA984C11A416FE7008D49C1 /* ContainerInteractions.gtest.cc */,
				AFA984C21A416FE7008D49C1 /* ContainerInteractions.hh */,
			);
			path = container;
			sourceTree = "<group>";
		};
		AFA984C71A416FE7008D49C1 /* meta */ = {
			isa = PBXGroup;
			children = (
				AFA984C81A416FE7008D49C1 /* InstanceMap.gtest.cc */,
				AFA984C91A416FE7008D49C1 /* InstanceMap.hh */,
				AFA984CA1A416FE7008D49C1 /* InstanceMap_container.gtest.cc */,
				AFA984CB1A416FE7008D49C1 /* InstanceMap_numeric.gtest.cc */,
				AFA984CC1A416FE7008D49C1 /* intersect.hh */,
				AFA984CD1A416FE7008D49C1 /* print_type.hh */,
				AFA984CE1A416FE7008D49C1 /* ref_wrap.hh */,
				AFA984CF1A416FE7008D49C1 /* util.gtest.cc */,
				AFA984D01A416FE7008D49C1 /* util.hh */,
			);
			path = meta;
			sourceTree = "<group>";
		};
		AFBC186E199A669500E7F961 /* apps */ = {
			isa = PBXGroup;
			children = (
				AFBC186F199A669500E7F961 /* gtest_util.hh */,
				AFBC1870199A669500E7F961 /* main_test.cc */,
				AFBC1871199A669500E7F961 /* quick_test.cc */,
			);
			name = apps;
			path = ../apps;
			sourceTree = "<group>";
		};
		AFBC1879199A66BF00E7F961 /* quick_test */ = {
			isa = PBXGroup;
			children = (
				AFBC187A199A66BF00E7F961 /* main.cpp */,
				AFBC187C199A66BF00E7F961 /* quick_test.1 */,
			);
			path = quick_test;
			sourceTree = "<group>";
		};
		AFBEE00D198986E3007B0DCC = {
			isa = PBXGroup;
			children = (
				AFA984571A416FE7008D49C1 /* scheme */,
				AF6AFD6A1A034B5F006F9393 /* libfftw3.3.dylib */,
				AF15551F19A674AC005E5500 /* libboost_iostreams.dylib */,
				AF15551D19A67490005E5500 /* libboost_serialization.dylib */,
				AF15551B19A67482005E5500 /* libboost_system.dylib */,
				AF15551919A6746E005E5500 /* libboost_filesystem.dylib */,
				AFDDB8FC199DE13300650C19 /* libboost_timer.dylib */,
				AFBC186E199A669500E7F961 /* apps */,
				AF165D1219899C440038FDFD /* gtest.framework */,
				AFBC1879199A66BF00E7F961 /* quick_test */,
				AFBEE017198986E3007B0DCC /* Products */,
			);
			sourceTree = "<group>";
		};
		AFBEE017198986E3007B0DCC /* Products */ = {
			isa = PBXGroup;
			children = (
				AFBEE016198986E3007B0DCC /* Scheme */,
				AFF7A72819898BF800FAF16F /* main_test */,
				AFBC1878199A66BF00E7F961 /* quick_test */,
			);
			name = Products;
			sourceTree = "<group>";
		};
/* End PBXGroup section */

/* Begin PBXNativeTarget section */
		AFBC1877199A66BF00E7F961 /* quick_test */ = {
			isa = PBXNativeTarget;
			buildConfigurationList = AFBC187E199A66BF00E7F961 /* Build configuration list for PBXNativeTarget "quick_test" */;
			buildPhases = (
				AFBC1874199A66BF00E7F961 /* Sources */,
				AFBC1875199A66BF00E7F961 /* Frameworks */,
				AFBC1876199A66BF00E7F961 /* CopyFiles */,
			);
			buildRules = (
			);
			dependencies = (
			);
			name = quick_test;
			productName = quick_test;
			productReference = AFBC1878199A66BF00E7F961 /* quick_test */;
			productType = "com.apple.product-type.tool";
		};
		AFBEE015198986E3007B0DCC /* Scheme */ = {
			isa = PBXNativeTarget;
			buildConfigurationList = AFBEE01F198986E3007B0DCC /* Build configuration list for PBXNativeTarget "Scheme" */;
			buildPhases = (
				AFBEE012198986E3007B0DCC /* Sources */,
				AFBEE013198986E3007B0DCC /* Frameworks */,
				AFBEE014198986E3007B0DCC /* CopyFiles */,
			);
			buildRules = (
			);
			dependencies = (
			);
			name = Scheme;
			productName = Scheme;
			productReference = AFBEE016198986E3007B0DCC /* Scheme */;
			productType = "com.apple.product-type.tool";
		};
		AFF7A72719898BF800FAF16F /* main_test */ = {
			isa = PBXNativeTarget;
			buildConfigurationList = AFF7A72E19898BF800FAF16F /* Build configuration list for PBXNativeTarget "main_test" */;
			buildPhases = (
				AFF7A72419898BF800FAF16F /* Sources */,
				AFF7A72519898BF800FAF16F /* Frameworks */,
				AFF7A72619898BF800FAF16F /* CopyFiles */,
			);
			buildRules = (
			);
			dependencies = (
			);
			name = main_test;
			productName = main_test;
			productReference = AFF7A72819898BF800FAF16F /* main_test */;
			productType = "com.apple.product-type.tool";
		};
/* End PBXNativeTarget section */

/* Begin PBXProject section */
		AFBEE00E198986E3007B0DCC /* Project object */ = {
			isa = PBXProject;
			attributes = {
				LastUpgradeCheck = 0510;
				ORGANIZATIONNAME = "will sheffler";
			};
			buildConfigurationList = AFBEE011198986E3007B0DCC /* Build configuration list for PBXProject "Scheme" */;
			compatibilityVersion = "Xcode 3.2";
			developmentRegion = English;
			hasScannedForEncodings = 0;
			knownRegions = (
				en,
			);
			mainGroup = AFBEE00D198986E3007B0DCC;
			productRefGroup = AFBEE017198986E3007B0DCC /* Products */;
			projectDirPath = "";
			projectRoot = "";
			targets = (
				AFBEE015198986E3007B0DCC /* Scheme */,
				AFF7A72719898BF800FAF16F /* main_test */,
				AFBC1877199A66BF00E7F961 /* quick_test */,
			);
		};
/* End PBXProject section */

/* Begin PBXSourcesBuildPhase section */
		AFBC1874199A66BF00E7F961 /* Sources */ = {
			isa = PBXSourcesBuildPhase;
			buildActionMask = 2147483647;
			files = (
				AFBC187B199A66BF00E7F961 /* main.cpp in Sources */,
				AFBC1881199A66C400E7F961 /* quick_test.cc in Sources */,
			);
			runOnlyForDeploymentPostprocessing = 0;
		};
		AFBEE012198986E3007B0DCC /* Sources */ = {
			isa = PBXSourcesBuildPhase;
			buildActionMask = 2147483647;
			files = (
				AFA984EA1A416FE7008D49C1 /* TetracontoctachoronMap.gtest.cc in Sources */,
				AFA984FE1A416FE7008D49C1 /* RosettaField.gtest.cc in Sources */,
				AFA984E01A416FE7008D49C1 /* Scene_test_objective.gtest.cc in Sources */,
				AFA984FC1A416FE7008D49C1 /* AnalyticEvaluation.gtest.cc in Sources */,
				AFA984DD1A416FE7008D49C1 /* dump_pdb_atom.gtest.cc in Sources */,
				AFA984E91A416FE7008D49C1 /* SphereQuad.gtest.cc in Sources */,
				AFA984ED1A416FE7008D49C1 /* NEST_neighbor.gtest.cc in Sources */,
				AFA984E71A416FE7008D49C1 /* Rotation1DMap.gtest.cc in Sources */,
				AFA984F81A416FE7008D49C1 /* ObjectiveFunction.gtest.cc in Sources */,
				AFA984E21A416FE7008D49C1 /* EulerAnglesMap.gtest.cc in Sources */,
				AFA984F91A416FE7008D49C1 /* FieldCache.gtest.cc in Sources */,
				AFA984DC1A416FE7008D49C1 /* fftdock.gtest.cc in Sources */,
				AFA985021A416FE7008D49C1 /* hash_thread.gtest.cc in Sources */,
				AFA985041A416FE7008D49C1 /* InstanceMap_container.gtest.cc in Sources */,
				AFA984F31A416FE7008D49C1 /* rand_xform.gtest.cc in Sources */,
				AFA984F61A416FE7008D49C1 /* XformHashNeighbors.gtest.cc in Sources */,
				AFA985011A416FE7008D49C1 /* hash.gtest.cc in Sources */,
				AFA985031A416FE7008D49C1 /* InstanceMap.gtest.cc in Sources */,
				AFA984DB1A416FE7008D49C1 /* ligand_factory.lib.cc in Sources */,
				AFA984EB1A416FE7008D49C1 /* MultiNEST.gtest.cc in Sources */,
				AFA984EF1A416FE7008D49C1 /* bcc_lattice_orientation.gtest.cc in Sources */,
				AFA984D91A416FE7008D49C1 /* BBStub.gtest.cc in Sources */,
				AFA985061A416FE7008D49C1 /* util.gtest.cc in Sources */,
				AFA984E51A416FE7008D49C1 /* parameter_maps_test_nbrcell.gtest.cc in Sources */,
				AFA984FB1A416FE7008D49C1 /* atype_map.lib.cc in Sources */,
				AFA984EE1A416FE7008D49C1 /* bcc_lattice.gtest.cc in Sources */,
				AFA984FF1A416FE7008D49C1 /* ContainerInteractions.gtest.cc in Sources */,
				AFA984F11A416FE7008D49C1 /* FixedPoint.gtest.cc in Sources */,
				AFA984E61A416FE7008D49C1 /* QuaternionMap.gtest.cc in Sources */,
				AFA984E81A416FE7008D49C1 /* SphereDodec.gtest.cc in Sources */,
				AFA984FD1A416FE7008D49C1 /* EtableParams_init.lib.cc in Sources */,
				AFA984F41A416FE7008D49C1 /* xform_perf.gtest.cc in Sources */,
				AFA984FA1A416FE7008D49C1 /* VoxelArray.gtest.cc in Sources */,
				AFA984F71A416FE7008D49C1 /* hbond_5dof.gtest.cc in Sources */,
				AFA984F21A416FE7008D49C1 /* geom_4d.gtest.cc in Sources */,
				AFA985001A416FE7008D49C1 /* dilated_int.gtest.cc in Sources */,
				AFA984E11A416FE7008D49C1 /* SceneIterator.gtest.cc in Sources */,
				AFA984DA1A416FE7008D49C1 /* ligand_factory.gtest.cc in Sources */,
				AFA985071A416FE7008D49C1 /* SimpleArray.gtest.cc in Sources */,
				AFA984DE1A416FE7008D49C1 /* Scene.gtest.cc in Sources */,
				AFA984DF1A416FE7008D49C1 /* Scene_test_eigen.gtest.cc in Sources */,
				AFA984EC1A416FE7008D49C1 /* NEST.gtest.cc in Sources */,
				AFA985081A416FE7008D49C1 /* StoragePolicy.gtest.cc in Sources */,
				AFBC1884199A676B00E7F961 /* main_test.cc in Sources */,
				AFA984E31A416FE7008D49C1 /* HecatonicosachoronMap.gtest.cc in Sources */,
				AFA984F51A416FE7008D49C1 /* XformHash.gtest.cc in Sources */,
				AFA984F01A416FE7008D49C1 /* euler_angles.gtest.cc in Sources */,
				AFA985051A416FE7008D49C1 /* InstanceMap_numeric.gtest.cc in Sources */,
				AFA985091A416FE7008D49C1 /* template_loop.gtest.cc in Sources */,
				AFA984E41A416FE7008D49C1 /* parameter_maps.gtest.cc in Sources */,
			);
			runOnlyForDeploymentPostprocessing = 0;
		};
		AFF7A72419898BF800FAF16F /* Sources */ = {
			isa = PBXSourcesBuildPhase;
			buildActionMask = 2147483647;
			files = (
				AFBC1883199A676A00E7F961 /* main_test.cc in Sources */,
			);
			runOnlyForDeploymentPostprocessing = 0;
		};
/* End PBXSourcesBuildPhase section */

/* Begin XCBuildConfiguration section */
		AFBC187F199A66BF00E7F961 /* Debug */ = {
			isa = XCBuildConfiguration;
			buildSettings = {
				ALWAYS_SEARCH_USER_PATHS = NO;
				CLANG_CXX_LANGUAGE_STANDARD = "gnu++0x";
				CLANG_CXX_LIBRARY = "libc++";
				GCC_PREPROCESSOR_DEFINITIONS = (
					"DEBUG=1",
					"$(inherited)",
				);
				PRODUCT_NAME = "$(TARGET_NAME)";
			};
			name = Debug;
		};
		AFBC1880199A66BF00E7F961 /* Release */ = {
			isa = XCBuildConfiguration;
			buildSettings = {
				ALWAYS_SEARCH_USER_PATHS = NO;
				CLANG_CXX_LANGUAGE_STANDARD = "gnu++0x";
				CLANG_CXX_LIBRARY = "libc++";
				PRODUCT_NAME = "$(TARGET_NAME)";
			};
			name = Release;
		};
		AFBEE01D198986E3007B0DCC /* Debug */ = {
			isa = XCBuildConfiguration;
			buildSettings = {
				ALWAYS_SEARCH_USER_PATHS = YES;
				CLANG_CXX_LANGUAGE_STANDARD = "gnu++98";
				CLANG_CXX_LIBRARY = "libstdc++";
				CLANG_ENABLE_MODULES = YES;
				CLANG_ENABLE_OBJC_ARC = YES;
				CLANG_WARN_BOOL_CONVERSION = YES;
				CLANG_WARN_CONSTANT_CONVERSION = YES;
				CLANG_WARN_DIRECT_OBJC_ISA_USAGE = YES_ERROR;
				CLANG_WARN_EMPTY_BODY = YES;
				CLANG_WARN_ENUM_CONVERSION = YES;
				CLANG_WARN_INT_CONVERSION = YES;
				CLANG_WARN_OBJC_ROOT_CLASS = YES_ERROR;
				CLANG_WARN__DUPLICATE_METHOD_MATCH = YES;
				COPY_PHASE_STRIP = NO;
				FRAMEWORK_SEARCH_PATHS = /Users/sheffler/Library/Frameworks;
				GCC_C_LANGUAGE_STANDARD = gnu99;
				GCC_DYNAMIC_NO_PIC = NO;
				GCC_ENABLE_OBJC_EXCEPTIONS = YES;
				GCC_OPTIMIZATION_LEVEL = 0;
				GCC_PREPROCESSOR_DEFINITIONS = (
					"DEBUG=1",
					"$(inherited)",
				);
				GCC_SYMBOLS_PRIVATE_EXTERN = NO;
				GCC_WARN_64_TO_32_BIT_CONVERSION = YES;
				GCC_WARN_ABOUT_RETURN_TYPE = YES_ERROR;
				GCC_WARN_UNDECLARED_SELECTOR = YES;
				GCC_WARN_UNINITIALIZED_AUTOS = YES_AGGRESSIVE;
				GCC_WARN_UNUSED_FUNCTION = YES;
				GCC_WARN_UNUSED_VARIABLE = YES;
				MACOSX_DEPLOYMENT_TARGET = 10.9;
				ONLY_ACTIVE_ARCH = YES;
				SDKROOT = macosx;
				USER_HEADER_SEARCH_PATHS = "../src /usr/local/include ../external";
			};
			name = Debug;
		};
		AFBEE01E198986E3007B0DCC /* Release */ = {
			isa = XCBuildConfiguration;
			buildSettings = {
				ALWAYS_SEARCH_USER_PATHS = YES;
				CLANG_CXX_LANGUAGE_STANDARD = "gnu++98";
				CLANG_CXX_LIBRARY = "libstdc++";
				CLANG_ENABLE_MODULES = YES;
				CLANG_ENABLE_OBJC_ARC = YES;
				CLANG_WARN_BOOL_CONVERSION = YES;
				CLANG_WARN_CONSTANT_CONVERSION = YES;
				CLANG_WARN_DIRECT_OBJC_ISA_USAGE = YES_ERROR;
				CLANG_WARN_EMPTY_BODY = YES;
				CLANG_WARN_ENUM_CONVERSION = YES;
				CLANG_WARN_INT_CONVERSION = YES;
				CLANG_WARN_OBJC_ROOT_CLASS = YES_ERROR;
				CLANG_WARN__DUPLICATE_METHOD_MATCH = YES;
				COPY_PHASE_STRIP = YES;
				DEBUG_INFORMATION_FORMAT = "dwarf-with-dsym";
				ENABLE_NS_ASSERTIONS = NO;
				FRAMEWORK_SEARCH_PATHS = /Users/sheffler/Library/Frameworks;
				GCC_C_LANGUAGE_STANDARD = gnu99;
				GCC_ENABLE_OBJC_EXCEPTIONS = YES;
				GCC_WARN_64_TO_32_BIT_CONVERSION = YES;
				GCC_WARN_ABOUT_RETURN_TYPE = YES_ERROR;
				GCC_WARN_UNDECLARED_SELECTOR = YES;
				GCC_WARN_UNINITIALIZED_AUTOS = YES_AGGRESSIVE;
				GCC_WARN_UNUSED_FUNCTION = YES;
				GCC_WARN_UNUSED_VARIABLE = YES;
				MACOSX_DEPLOYMENT_TARGET = 10.9;
				SDKROOT = macosx;
				USER_HEADER_SEARCH_PATHS = "../src /usr/local/include ../external";
			};
			name = Release;
		};
		AFBEE020198986E3007B0DCC /* Debug */ = {
			isa = XCBuildConfiguration;
			buildSettings = {
				CLANG_CXX_LANGUAGE_STANDARD = "c++0x";
				CLANG_CXX_LIBRARY = "libc++";
				FRAMEWORK_SEARCH_PATHS = (
					"$(inherited)",
					/Users/sheffler/scheme/external,
					"$(USER_LIBRARY_DIR)/Frameworks",
				);
				LIBRARY_SEARCH_PATHS = (
					/usr/local/lib,
					/usr/local/Cellar/fftw/3.3.4/lib,
				);
				PRODUCT_NAME = "$(TARGET_NAME)";
				USER_HEADER_SEARCH_PATHS = "../ /usr/local/include ../external /usr/local/include/eigen3";
			};
			name = Debug;
		};
		AFBEE021198986E3007B0DCC /* Release */ = {
			isa = XCBuildConfiguration;
			buildSettings = {
				CLANG_CXX_LANGUAGE_STANDARD = "c++0x";
				CLANG_CXX_LIBRARY = "libc++";
				FRAMEWORK_SEARCH_PATHS = (
					"$(inherited)",
					/Users/sheffler/scheme/external,
					"$(USER_LIBRARY_DIR)/Frameworks",
				);
				LIBRARY_SEARCH_PATHS = (
					/usr/local/lib,
					/usr/local/Cellar/fftw/3.3.4/lib,
				);
				PRODUCT_NAME = "$(TARGET_NAME)";
				USER_HEADER_SEARCH_PATHS = "../ /usr/local/include ../external /usr/local/include/eigen3";
			};
			name = Release;
		};
		AFF7A72F19898BF800FAF16F /* Debug */ = {
			isa = XCBuildConfiguration;
			buildSettings = {
				ALWAYS_SEARCH_USER_PATHS = YES;
				GCC_PREPROCESSOR_DEFINITIONS = (
					"DEBUG=1",
					"$(inherited)",
				);
				HEADER_SEARCH_PATHS = (
					"$(inherited)",
					/Applications/Xcode.app/Contents/Developer/Toolchains/XcodeDefault.xctoolchain/usr/include,
				);
				PRODUCT_NAME = "$(TARGET_NAME)";
				USER_HEADER_SEARCH_PATHS = /Users/sheffler/scheme/src;
			};
			name = Debug;
		};
		AFF7A73019898BF800FAF16F /* Release */ = {
			isa = XCBuildConfiguration;
			buildSettings = {
				ALWAYS_SEARCH_USER_PATHS = YES;
				HEADER_SEARCH_PATHS = (
					"$(inherited)",
					/Applications/Xcode.app/Contents/Developer/Toolchains/XcodeDefault.xctoolchain/usr/include,
				);
				PRODUCT_NAME = "$(TARGET_NAME)";
				USER_HEADER_SEARCH_PATHS = /Users/sheffler/scheme/src;
			};
			name = Release;
		};
/* End XCBuildConfiguration section */

/* Begin XCConfigurationList section */
		AFBC187E199A66BF00E7F961 /* Build configuration list for PBXNativeTarget "quick_test" */ = {
			isa = XCConfigurationList;
			buildConfigurations = (
				AFBC187F199A66BF00E7F961 /* Debug */,
				AFBC1880199A66BF00E7F961 /* Release */,
			);
			defaultConfigurationIsVisible = 0;
			defaultConfigurationName = Release;
		};
		AFBEE011198986E3007B0DCC /* Build configuration list for PBXProject "Scheme" */ = {
			isa = XCConfigurationList;
			buildConfigurations = (
				AFBEE01D198986E3007B0DCC /* Debug */,
				AFBEE01E198986E3007B0DCC /* Release */,
			);
			defaultConfigurationIsVisible = 0;
			defaultConfigurationName = Release;
		};
		AFBEE01F198986E3007B0DCC /* Build configuration list for PBXNativeTarget "Scheme" */ = {
			isa = XCConfigurationList;
			buildConfigurations = (
				AFBEE020198986E3007B0DCC /* Debug */,
				AFBEE021198986E3007B0DCC /* Release */,
			);
			defaultConfigurationIsVisible = 0;
			defaultConfigurationName = Release;
		};
		AFF7A72E19898BF800FAF16F /* Build configuration list for PBXNativeTarget "main_test" */ = {
			isa = XCConfigurationList;
			buildConfigurations = (
				AFF7A72F19898BF800FAF16F /* Debug */,
				AFF7A73019898BF800FAF16F /* Release */,
			);
			defaultConfigurationIsVisible = 0;
			defaultConfigurationName = Release;
		};
/* End XCConfigurationList section */
	};
	rootObject = AFBEE00E198986E3007B0DCC /* Project object */;
}
