// !$*UTF8*$!
{
	archiveVersion = 1;
	classes = {
	};
	objectVersion = 46;
	objects = {

/* Begin PBXBuildFile section */
		AF15551A19A6746E005E5500 /* libboost_filesystem.dylib in Frameworks */ = {isa = PBXBuildFile; fileRef = AF15551919A6746E005E5500 /* libboost_filesystem.dylib */; };
		AF15551C19A67482005E5500 /* libboost_system.dylib in Frameworks */ = {isa = PBXBuildFile; fileRef = AF15551B19A67482005E5500 /* libboost_system.dylib */; };
		AF15551E19A67490005E5500 /* libboost_serialization.dylib in Frameworks */ = {isa = PBXBuildFile; fileRef = AF15551D19A67490005E5500 /* libboost_serialization.dylib */; };
		AF15552019A674AC005E5500 /* libboost_iostreams.dylib in Frameworks */ = {isa = PBXBuildFile; fileRef = AF15551F19A674AC005E5500 /* libboost_iostreams.dylib */; };
		AF165D1319899C440038FDFD /* gtest.framework in Frameworks */ = {isa = PBXBuildFile; fileRef = AF165D1219899C440038FDFD /* gtest.framework */; };
		AF6AFD401A034A36006F9393 /* BBStub.gtest.cc in Sources */ = {isa = PBXBuildFile; fileRef = AF6AFCD11A034A36006F9393 /* BBStub.gtest.cc */; };
		AF6AFD411A034A36006F9393 /* ligand_factory.gtest.cc in Sources */ = {isa = PBXBuildFile; fileRef = AF6AFCD51A034A36006F9393 /* ligand_factory.gtest.cc */; };
		AF6AFD421A034A36006F9393 /* ligand_factory.lib.cc in Sources */ = {isa = PBXBuildFile; fileRef = AF6AFCD71A034A36006F9393 /* ligand_factory.lib.cc */; };
		AF6AFD431A034A36006F9393 /* fftdock.gtest.cc in Sources */ = {isa = PBXBuildFile; fileRef = AF6AFCDA1A034A36006F9393 /* fftdock.gtest.cc */; };
		AF6AFD441A034A36006F9393 /* dump_pdb_atom.gtest.cc in Sources */ = {isa = PBXBuildFile; fileRef = AF6AFCDE1A034A36006F9393 /* dump_pdb_atom.gtest.cc */; };
		AF6AFD451A034A36006F9393 /* Scene.gtest.cc in Sources */ = {isa = PBXBuildFile; fileRef = AF6AFCE11A034A36006F9393 /* Scene.gtest.cc */; };
		AF6AFD461A034A36006F9393 /* Scene_test_eigen.gtest.cc in Sources */ = {isa = PBXBuildFile; fileRef = AF6AFCE41A034A36006F9393 /* Scene_test_eigen.gtest.cc */; };
		AF6AFD471A034A36006F9393 /* Scene_test_objective.gtest.cc in Sources */ = {isa = PBXBuildFile; fileRef = AF6AFCE51A034A36006F9393 /* Scene_test_objective.gtest.cc */; };
		AF6AFD481A034A36006F9393 /* SceneIterator.gtest.cc in Sources */ = {isa = PBXBuildFile; fileRef = AF6AFCE61A034A36006F9393 /* SceneIterator.gtest.cc */; };
		AF6AFD491A034A36006F9393 /* EulerAnglesMap.gtest.cc in Sources */ = {isa = PBXBuildFile; fileRef = AF6AFCEB1A034A36006F9393 /* EulerAnglesMap.gtest.cc */; };
		AF6AFD4A1A034A36006F9393 /* HecatonicosachoronMap.gtest.cc in Sources */ = {isa = PBXBuildFile; fileRef = AF6AFCED1A034A36006F9393 /* HecatonicosachoronMap.gtest.cc */; };
		AF6AFD4B1A034A36006F9393 /* parameter_maps.gtest.cc in Sources */ = {isa = PBXBuildFile; fileRef = AF6AFCEF1A034A36006F9393 /* parameter_maps.gtest.cc */; };
		AF6AFD4C1A034A36006F9393 /* parameter_maps_test_nbrcell.gtest.cc in Sources */ = {isa = PBXBuildFile; fileRef = AF6AFCF01A034A36006F9393 /* parameter_maps_test_nbrcell.gtest.cc */; };
		AF6AFD4D1A034A36006F9393 /* QuaternionMap.gtest.cc in Sources */ = {isa = PBXBuildFile; fileRef = AF6AFCF11A034A36006F9393 /* QuaternionMap.gtest.cc */; };
		AF6AFD4E1A034A36006F9393 /* SphereDodec.gtest.cc in Sources */ = {isa = PBXBuildFile; fileRef = AF6AFCF41A034A36006F9393 /* SphereDodec.gtest.cc */; };
		AF6AFD4F1A034A36006F9393 /* SphereQuad.gtest.cc in Sources */ = {isa = PBXBuildFile; fileRef = AF6AFCF61A034A36006F9393 /* SphereQuad.gtest.cc */; };
		AF6AFD501A034A36006F9393 /* TetracontoctachoronMap.gtest.cc in Sources */ = {isa = PBXBuildFile; fileRef = AF6AFCF81A034A36006F9393 /* TetracontoctachoronMap.gtest.cc */; };
		AF6AFD511A034A36006F9393 /* MultiNEST.gtest.cc in Sources */ = {isa = PBXBuildFile; fileRef = AF6AFCFD1A034A36006F9393 /* MultiNEST.gtest.cc */; };
		AF6AFD521A034A36006F9393 /* NEST.gtest.cc in Sources */ = {isa = PBXBuildFile; fileRef = AF6AFCFF1A034A36006F9393 /* NEST.gtest.cc */; };
		AF6AFD531A034A36006F9393 /* NEST_neighbor.gtest.cc in Sources */ = {isa = PBXBuildFile; fileRef = AF6AFD021A034A36006F9393 /* NEST_neighbor.gtest.cc */; };
		AF6AFD541A034A36006F9393 /* bcc_lattice.gtest.cc in Sources */ = {isa = PBXBuildFile; fileRef = AF6AFD051A034A36006F9393 /* bcc_lattice.gtest.cc */; };
		AF6AFD551A034A36006F9393 /* bcc_lattice_orientation.gtest.cc in Sources */ = {isa = PBXBuildFile; fileRef = AF6AFD071A034A36006F9393 /* bcc_lattice_orientation.gtest.cc */; };
		AF6AFD561A034A36006F9393 /* euler_angles.gtest.cc in Sources */ = {isa = PBXBuildFile; fileRef = AF6AFD081A034A36006F9393 /* euler_angles.gtest.cc */; };
		AF6AFD571A034A36006F9393 /* geom_4d.gtest.cc in Sources */ = {isa = PBXBuildFile; fileRef = AF6AFD0A1A034A36006F9393 /* geom_4d.gtest.cc */; };
		AF6AFD581A034A36006F9393 /* hbond_5dof.gtest.cc in Sources */ = {isa = PBXBuildFile; fileRef = AF6AFD101A034A36006F9393 /* hbond_5dof.gtest.cc */; };
		AF6AFD591A034A36006F9393 /* ObjectiveFunction.gtest.cc in Sources */ = {isa = PBXBuildFile; fileRef = AF6AFD111A034A36006F9393 /* ObjectiveFunction.gtest.cc */; };
		AF6AFD5A1A034A36006F9393 /* FieldCache.gtest.cc in Sources */ = {isa = PBXBuildFile; fileRef = AF6AFD161A034A36006F9393 /* FieldCache.gtest.cc */; };
		AF6AFD5B1A034A36006F9393 /* VoxelArray.gtest.cc in Sources */ = {isa = PBXBuildFile; fileRef = AF6AFD181A034A36006F9393 /* VoxelArray.gtest.cc */; };
		AF6AFD5C1A034A36006F9393 /* atype_map.lib.cc in Sources */ = {isa = PBXBuildFile; fileRef = AF6AFD1C1A034A36006F9393 /* atype_map.lib.cc */; };
		AF6AFD5D1A034A36006F9393 /* AnalyticEvaluation.gtest.cc in Sources */ = {isa = PBXBuildFile; fileRef = AF6AFD1E1A034A36006F9393 /* AnalyticEvaluation.gtest.cc */; };
		AF6AFD5E1A034A36006F9393 /* EtableParams_init.lib.cc in Sources */ = {isa = PBXBuildFile; fileRef = AF6AFD231A034A36006F9393 /* EtableParams_init.lib.cc */; };
		AF6AFD5F1A034A36006F9393 /* RosettaField.gtest.cc in Sources */ = {isa = PBXBuildFile; fileRef = AF6AFD241A034A36006F9393 /* RosettaField.gtest.cc */; };
		AF6AFD601A034A36006F9393 /* ContainerInteractions.gtest.cc in Sources */ = {isa = PBXBuildFile; fileRef = AF6AFD291A034A36006F9393 /* ContainerInteractions.gtest.cc */; };
		AF6AFD611A034A36006F9393 /* dilated_int.gtest.cc in Sources */ = {isa = PBXBuildFile; fileRef = AF6AFD2B1A034A36006F9393 /* dilated_int.gtest.cc */; };
		AF6AFD621A034A36006F9393 /* hash.gtest.cc in Sources */ = {isa = PBXBuildFile; fileRef = AF6AFD2D1A034A36006F9393 /* hash.gtest.cc */; };
		AF6AFD631A034A36006F9393 /* InstanceMap.gtest.cc in Sources */ = {isa = PBXBuildFile; fileRef = AF6AFD2F1A034A36006F9393 /* InstanceMap.gtest.cc */; };
		AF6AFD641A034A36006F9393 /* InstanceMap_container.gtest.cc in Sources */ = {isa = PBXBuildFile; fileRef = AF6AFD311A034A36006F9393 /* InstanceMap_container.gtest.cc */; };
		AF6AFD651A034A36006F9393 /* InstanceMap_numeric.gtest.cc in Sources */ = {isa = PBXBuildFile; fileRef = AF6AFD321A034A36006F9393 /* InstanceMap_numeric.gtest.cc */; };
		AF6AFD661A034A36006F9393 /* util.gtest.cc in Sources */ = {isa = PBXBuildFile; fileRef = AF6AFD361A034A36006F9393 /* util.gtest.cc */; };
		AF6AFD671A034A36006F9393 /* SimpleArray.gtest.cc in Sources */ = {isa = PBXBuildFile; fileRef = AF6AFD381A034A36006F9393 /* SimpleArray.gtest.cc */; };
		AF6AFD681A034A36006F9393 /* StoragePolicy.gtest.cc in Sources */ = {isa = PBXBuildFile; fileRef = AF6AFD3A1A034A36006F9393 /* StoragePolicy.gtest.cc */; };
		AF6AFD691A034A36006F9393 /* template_loop.gtest.cc in Sources */ = {isa = PBXBuildFile; fileRef = AF6AFD3D1A034A36006F9393 /* template_loop.gtest.cc */; };
		AF6AFD6B1A034B5F006F9393 /* libfftw3.3.dylib in Frameworks */ = {isa = PBXBuildFile; fileRef = AF6AFD6A1A034B5F006F9393 /* libfftw3.3.dylib */; };
		AFBC187B199A66BF00E7F961 /* main.cpp in Sources */ = {isa = PBXBuildFile; fileRef = AFBC187A199A66BF00E7F961 /* main.cpp */; };
		AFBC187D199A66BF00E7F961 /* quick_test.1 in CopyFiles */ = {isa = PBXBuildFile; fileRef = AFBC187C199A66BF00E7F961 /* quick_test.1 */; };
		AFBC1881199A66C400E7F961 /* quick_test.cc in Sources */ = {isa = PBXBuildFile; fileRef = AFBC1871199A669500E7F961 /* quick_test.cc */; };
		AFBC1883199A676A00E7F961 /* main_test.cc in Sources */ = {isa = PBXBuildFile; fileRef = AFBC1870199A669500E7F961 /* main_test.cc */; };
		AFBC1884199A676B00E7F961 /* main_test.cc in Sources */ = {isa = PBXBuildFile; fileRef = AFBC1870199A669500E7F961 /* main_test.cc */; };
		AFDDB8FD199DE13300650C19 /* libboost_timer.dylib in Frameworks */ = {isa = PBXBuildFile; fileRef = AFDDB8FC199DE13300650C19 /* libboost_timer.dylib */; };
/* End PBXBuildFile section */

/* Begin PBXCopyFilesBuildPhase section */
		AFBC1876199A66BF00E7F961 /* CopyFiles */ = {
			isa = PBXCopyFilesBuildPhase;
			buildActionMask = 2147483647;
			dstPath = /usr/share/man/man1/;
			dstSubfolderSpec = 0;
			files = (
				AFBC187D199A66BF00E7F961 /* quick_test.1 in CopyFiles */,
			);
			runOnlyForDeploymentPostprocessing = 1;
		};
		AFBEE014198986E3007B0DCC /* CopyFiles */ = {
			isa = PBXCopyFilesBuildPhase;
			buildActionMask = 2147483647;
			dstPath = /usr/share/man/man1/;
			dstSubfolderSpec = 0;
			files = (
			);
			runOnlyForDeploymentPostprocessing = 1;
		};
		AFF7A72619898BF800FAF16F /* CopyFiles */ = {
			isa = PBXCopyFilesBuildPhase;
			buildActionMask = 2147483647;
			dstPath = /usr/share/man/man1/;
			dstSubfolderSpec = 0;
			files = (
			);
			runOnlyForDeploymentPostprocessing = 1;
		};
/* End PBXCopyFilesBuildPhase section */

/* Begin PBXFileReference section */
		AF15551919A6746E005E5500 /* libboost_filesystem.dylib */ = {isa = PBXFileReference; lastKnownFileType = "compiled.mach-o.dylib"; name = libboost_filesystem.dylib; path = ../../../../usr/local/Cellar/boost/1.55.0_2/lib/libboost_filesystem.dylib; sourceTree = "<group>"; };
		AF15551B19A67482005E5500 /* libboost_system.dylib */ = {isa = PBXFileReference; lastKnownFileType = "compiled.mach-o.dylib"; name = libboost_system.dylib; path = ../../../../usr/local/Cellar/boost/1.55.0_2/lib/libboost_system.dylib; sourceTree = "<group>"; };
		AF15551D19A67490005E5500 /* libboost_serialization.dylib */ = {isa = PBXFileReference; lastKnownFileType = "compiled.mach-o.dylib"; name = libboost_serialization.dylib; path = ../../../../usr/local/Cellar/boost/1.55.0_2/lib/libboost_serialization.dylib; sourceTree = "<group>"; };
		AF15551F19A674AC005E5500 /* libboost_iostreams.dylib */ = {isa = PBXFileReference; lastKnownFileType = "compiled.mach-o.dylib"; name = libboost_iostreams.dylib; path = ../../../../usr/local/Cellar/boost/1.55.0_2/lib/libboost_iostreams.dylib; sourceTree = "<group>"; };
		AF165D1219899C440038FDFD /* gtest.framework */ = {isa = PBXFileReference; lastKnownFileType = wrapper.framework; name = gtest.framework; path = ../../Library/Frameworks/gtest.framework; sourceTree = "<group>"; };
		AF6AFCCE1A034A36006F9393 /* ActorConcept.hh */ = {isa = PBXFileReference; fileEncoding = 4; lastKnownFileType = sourcecode.cpp.h; path = ActorConcept.hh; sourceTree = "<group>"; };
		AF6AFCCF1A034A36006F9393 /* ActorConcept_io.hh */ = {isa = PBXFileReference; fileEncoding = 4; lastKnownFileType = sourcecode.cpp.h; path = ActorConcept_io.hh; sourceTree = "<group>"; };
		AF6AFCD01A034A36006F9393 /* Atom.hh */ = {isa = PBXFileReference; fileEncoding = 4; lastKnownFileType = sourcecode.cpp.h; path = Atom.hh; sourceTree = "<group>"; };
		AF6AFCD11A034A36006F9393 /* BBStub.gtest.cc */ = {isa = PBXFileReference; fileEncoding = 4; lastKnownFileType = sourcecode.cpp.cpp; path = BBStub.gtest.cc; sourceTree = "<group>"; };
		AF6AFCD21A034A36006F9393 /* BBStub.hh */ = {isa = PBXFileReference; fileEncoding = 4; lastKnownFileType = sourcecode.cpp.h; path = BBStub.hh; sourceTree = "<group>"; };
		AF6AFCD41A034A36006F9393 /* AtomData.hh */ = {isa = PBXFileReference; fileEncoding = 4; lastKnownFileType = sourcecode.cpp.h; path = AtomData.hh; sourceTree = "<group>"; };
		AF6AFCD51A034A36006F9393 /* ligand_factory.gtest.cc */ = {isa = PBXFileReference; fileEncoding = 4; lastKnownFileType = sourcecode.cpp.cpp; path = ligand_factory.gtest.cc; sourceTree = "<group>"; };
		AF6AFCD61A034A36006F9393 /* ligand_factory.hh */ = {isa = PBXFileReference; fileEncoding = 4; lastKnownFileType = sourcecode.cpp.h; path = ligand_factory.hh; sourceTree = "<group>"; };
		AF6AFCD71A034A36006F9393 /* ligand_factory.lib.cc */ = {isa = PBXFileReference; fileEncoding = 4; lastKnownFileType = sourcecode.cpp.cpp; path = ligand_factory.lib.cc; sourceTree = "<group>"; };
		AF6AFCD81A034A36006F9393 /* stub.hh */ = {isa = PBXFileReference; fileEncoding = 4; lastKnownFileType = sourcecode.cpp.h; path = stub.hh; sourceTree = "<group>"; };
		AF6AFCDA1A034A36006F9393 /* fftdock.gtest.cc */ = {isa = PBXFileReference; fileEncoding = 4; lastKnownFileType = sourcecode.cpp.cpp; path = fftdock.gtest.cc; sourceTree = "<group>"; };
		AF6AFCDB1A034A36006F9393 /* fftdock.hh */ = {isa = PBXFileReference; fileEncoding = 4; lastKnownFileType = sourcecode.cpp.h; path = fftdock.hh; sourceTree = "<group>"; };
		AF6AFCDD1A034A36006F9393 /* cache.hh */ = {isa = PBXFileReference; fileEncoding = 4; lastKnownFileType = sourcecode.cpp.h; path = cache.hh; sourceTree = "<group>"; };
		AF6AFCDE1A034A36006F9393 /* dump_pdb_atom.gtest.cc */ = {isa = PBXFileReference; fileEncoding = 4; lastKnownFileType = sourcecode.cpp.cpp; path = dump_pdb_atom.gtest.cc; sourceTree = "<group>"; };
		AF6AFCDF1A034A36006F9393 /* dump_pdb_atom.hh */ = {isa = PBXFileReference; fileEncoding = 4; lastKnownFileType = sourcecode.cpp.h; path = dump_pdb_atom.hh; sourceTree = "<group>"; };
		AF6AFCE11A034A36006F9393 /* Scene.gtest.cc */ = {isa = PBXFileReference; fileEncoding = 4; lastKnownFileType = sourcecode.cpp.cpp; path = Scene.gtest.cc; sourceTree = "<group>"; };
		AF6AFCE21A034A36006F9393 /* Scene.hh */ = {isa = PBXFileReference; fileEncoding = 4; lastKnownFileType = sourcecode.cpp.h; path = Scene.hh; sourceTree = "<group>"; };
		AF6AFCE31A034A36006F9393 /* Scene_io.hh */ = {isa = PBXFileReference; fileEncoding = 4; lastKnownFileType = sourcecode.cpp.h; path = Scene_io.hh; sourceTree = "<group>"; };
		AF6AFCE41A034A36006F9393 /* Scene_test_eigen.gtest.cc */ = {isa = PBXFileReference; fileEncoding = 4; lastKnownFileType = sourcecode.cpp.cpp; path = Scene_test_eigen.gtest.cc; sourceTree = "<group>"; };
		AF6AFCE51A034A36006F9393 /* Scene_test_objective.gtest.cc */ = {isa = PBXFileReference; fileEncoding = 4; lastKnownFileType = sourcecode.cpp.cpp; path = Scene_test_objective.gtest.cc; sourceTree = "<group>"; };
		AF6AFCE61A034A36006F9393 /* SceneIterator.gtest.cc */ = {isa = PBXFileReference; fileEncoding = 4; lastKnownFileType = sourcecode.cpp.cpp; path = SceneIterator.gtest.cc; sourceTree = "<group>"; };
		AF6AFCE71A034A36006F9393 /* SceneIterator.hh */ = {isa = PBXFileReference; fileEncoding = 4; lastKnownFileType = sourcecode.cpp.h; path = SceneIterator.hh; sourceTree = "<group>"; };
		AF6AFCEA1A034A36006F9393 /* DiscreteChoiceMap.hh */ = {isa = PBXFileReference; fileEncoding = 4; lastKnownFileType = sourcecode.cpp.h; path = DiscreteChoiceMap.hh; sourceTree = "<group>"; };
		AF6AFCEB1A034A36006F9393 /* EulerAnglesMap.gtest.cc */ = {isa = PBXFileReference; fileEncoding = 4; lastKnownFileType = sourcecode.cpp.cpp; path = EulerAnglesMap.gtest.cc; sourceTree = "<group>"; };
		AF6AFCEC1A034A36006F9393 /* EulerAnglesMap.hh */ = {isa = PBXFileReference; fileEncoding = 4; lastKnownFileType = sourcecode.cpp.h; path = EulerAnglesMap.hh; sourceTree = "<group>"; };
		AF6AFCED1A034A36006F9393 /* HecatonicosachoronMap.gtest.cc */ = {isa = PBXFileReference; fileEncoding = 4; lastKnownFileType = sourcecode.cpp.cpp; path = HecatonicosachoronMap.gtest.cc; sourceTree = "<group>"; };
		AF6AFCEE1A034A36006F9393 /* HecatonicosachoronMap.hh */ = {isa = PBXFileReference; fileEncoding = 4; lastKnownFileType = sourcecode.cpp.h; path = HecatonicosachoronMap.hh; sourceTree = "<group>"; };
		AF6AFCEF1A034A36006F9393 /* parameter_maps.gtest.cc */ = {isa = PBXFileReference; fileEncoding = 4; lastKnownFileType = sourcecode.cpp.cpp; path = parameter_maps.gtest.cc; sourceTree = "<group>"; };
		AF6AFCF01A034A36006F9393 /* parameter_maps_test_nbrcell.gtest.cc */ = {isa = PBXFileReference; fileEncoding = 4; lastKnownFileType = sourcecode.cpp.cpp; path = parameter_maps_test_nbrcell.gtest.cc; sourceTree = "<group>"; };
		AF6AFCF11A034A36006F9393 /* QuaternionMap.gtest.cc */ = {isa = PBXFileReference; fileEncoding = 4; lastKnownFileType = sourcecode.cpp.cpp; path = QuaternionMap.gtest.cc; sourceTree = "<group>"; };
		AF6AFCF21A034A36006F9393 /* QuaternionMap.hh */ = {isa = PBXFileReference; fileEncoding = 4; lastKnownFileType = sourcecode.cpp.h; path = QuaternionMap.hh; sourceTree = "<group>"; };
		AF6AFCF31A034A36006F9393 /* ScaleMap.hh */ = {isa = PBXFileReference; fileEncoding = 4; lastKnownFileType = sourcecode.cpp.h; path = ScaleMap.hh; sourceTree = "<group>"; };
		AF6AFCF41A034A36006F9393 /* SphereDodec.gtest.cc */ = {isa = PBXFileReference; fileEncoding = 4; lastKnownFileType = sourcecode.cpp.cpp; path = SphereDodec.gtest.cc; sourceTree = "<group>"; };
		AF6AFCF51A034A36006F9393 /* SphereDodec.hh */ = {isa = PBXFileReference; fileEncoding = 4; lastKnownFileType = sourcecode.cpp.h; path = SphereDodec.hh; sourceTree = "<group>"; };
		AF6AFCF61A034A36006F9393 /* SphereQuad.gtest.cc */ = {isa = PBXFileReference; fileEncoding = 4; lastKnownFileType = sourcecode.cpp.cpp; path = SphereQuad.gtest.cc; sourceTree = "<group>"; };
		AF6AFCF71A034A36006F9393 /* SphereQuad.hh */ = {isa = PBXFileReference; fileEncoding = 4; lastKnownFileType = sourcecode.cpp.h; path = SphereQuad.hh; sourceTree = "<group>"; };
		AF6AFCF81A034A36006F9393 /* TetracontoctachoronMap.gtest.cc */ = {isa = PBXFileReference; fileEncoding = 4; lastKnownFileType = sourcecode.cpp.cpp; path = TetracontoctachoronMap.gtest.cc; sourceTree = "<group>"; };
		AF6AFCF91A034A36006F9393 /* TetracontoctachoronMap.hh */ = {isa = PBXFileReference; fileEncoding = 4; lastKnownFileType = sourcecode.cpp.h; path = TetracontoctachoronMap.hh; sourceTree = "<group>"; };
		AF6AFCFA1A034A36006F9393 /* UnitMap.hh */ = {isa = PBXFileReference; fileEncoding = 4; lastKnownFileType = sourcecode.cpp.h; path = UnitMap.hh; sourceTree = "<group>"; };
		AF6AFCFC1A034A36006F9393 /* get_quaternion_component.hh */ = {isa = PBXFileReference; fileEncoding = 4; lastKnownFileType = sourcecode.cpp.h; path = get_quaternion_component.hh; sourceTree = "<group>"; };
		AF6AFCFD1A034A36006F9393 /* MultiNEST.gtest.cc */ = {isa = PBXFileReference; fileEncoding = 4; lastKnownFileType = sourcecode.cpp.cpp; path = MultiNEST.gtest.cc; sourceTree = "<group>"; };
		AF6AFCFE1A034A36006F9393 /* MultiNest.hh */ = {isa = PBXFileReference; fileEncoding = 4; lastKnownFileType = sourcecode.cpp.h; path = MultiNest.hh; sourceTree = "<group>"; };
		AF6AFCFF1A034A36006F9393 /* NEST.gtest.cc */ = {isa = PBXFileReference; fileEncoding = 4; lastKnownFileType = sourcecode.cpp.cpp; path = NEST.gtest.cc; sourceTree = "<group>"; };
		AF6AFD001A034A36006F9393 /* NEST.hh */ = {isa = PBXFileReference; fileEncoding = 4; lastKnownFileType = sourcecode.cpp.h; path = NEST.hh; sourceTree = "<group>"; };
		AF6AFD011A034A36006F9393 /* NEST_concepts.hh */ = {isa = PBXFileReference; fileEncoding = 4; lastKnownFileType = sourcecode.cpp.h; path = NEST_concepts.hh; sourceTree = "<group>"; };
		AF6AFD021A034A36006F9393 /* NEST_neighbor.gtest.cc */ = {isa = PBXFileReference; fileEncoding = 4; lastKnownFileType = sourcecode.cpp.cpp; path = NEST_neighbor.gtest.cc; sourceTree = "<group>"; };
		AF6AFD031A034A36006F9393 /* NEST_test_util.hh */ = {isa = PBXFileReference; fileEncoding = 4; lastKnownFileType = sourcecode.cpp.h; path = NEST_test_util.hh; sourceTree = "<group>"; };
		AF6AFD051A034A36006F9393 /* bcc_lattice.gtest.cc */ = {isa = PBXFileReference; fileEncoding = 4; lastKnownFileType = sourcecode.cpp.cpp; path = bcc_lattice.gtest.cc; sourceTree = "<group>"; };
		AF6AFD061A034A36006F9393 /* bcc_lattice.hh */ = {isa = PBXFileReference; fileEncoding = 4; lastKnownFileType = sourcecode.cpp.h; path = bcc_lattice.hh; sourceTree = "<group>"; };
		AF6AFD071A034A36006F9393 /* bcc_lattice_orientation.gtest.cc */ = {isa = PBXFileReference; fileEncoding = 4; lastKnownFileType = sourcecode.cpp.cpp; path = bcc_lattice_orientation.gtest.cc; sourceTree = "<group>"; };
		AF6AFD081A034A36006F9393 /* euler_angles.gtest.cc */ = {isa = PBXFileReference; fileEncoding = 4; lastKnownFileType = sourcecode.cpp.cpp; path = euler_angles.gtest.cc; sourceTree = "<group>"; };
		AF6AFD091A034A36006F9393 /* euler_angles.hh */ = {isa = PBXFileReference; fileEncoding = 4; lastKnownFileType = sourcecode.cpp.h; path = euler_angles.hh; sourceTree = "<group>"; };
		AF6AFD0A1A034A36006F9393 /* geom_4d.gtest.cc */ = {isa = PBXFileReference; fileEncoding = 4; lastKnownFileType = sourcecode.cpp.cpp; path = geom_4d.gtest.cc; sourceTree = "<group>"; };
		AF6AFD0B1A034A36006F9393 /* geom_4d.hh */ = {isa = PBXFileReference; fileEncoding = 4; lastKnownFileType = sourcecode.cpp.h; path = geom_4d.hh; sourceTree = "<group>"; };
		AF6AFD0C1A034A36006F9393 /* util.hh */ = {isa = PBXFileReference; fileEncoding = 4; lastKnownFileType = sourcecode.cpp.h; path = util.hh; sourceTree = "<group>"; };
		AF6AFD0D1A034A36006F9393 /* X1dim.hh */ = {isa = PBXFileReference; fileEncoding = 4; lastKnownFileType = sourcecode.cpp.h; path = X1dim.hh; sourceTree = "<group>"; };
		AF6AFD101A034A36006F9393 /* hbond_5dof.gtest.cc */ = {isa = PBXFileReference; fileEncoding = 4; lastKnownFileType = sourcecode.cpp.cpp; path = hbond_5dof.gtest.cc; sourceTree = "<group>"; };
		AF6AFD111A034A36006F9393 /* ObjectiveFunction.gtest.cc */ = {isa = PBXFileReference; fileEncoding = 4; lastKnownFileType = sourcecode.cpp.cpp; path = ObjectiveFunction.gtest.cc; sourceTree = "<group>"; };
		AF6AFD121A034A36006F9393 /* ObjectiveFunction.hh */ = {isa = PBXFileReference; fileEncoding = 4; lastKnownFileType = sourcecode.cpp.h; path = ObjectiveFunction.hh; sourceTree = "<group>"; };
		AF6AFD131A034A36006F9393 /* ObjectiveFunction_io.hh */ = {isa = PBXFileReference; fileEncoding = 4; lastKnownFileType = sourcecode.cpp.h; path = ObjectiveFunction_io.hh; sourceTree = "<group>"; };
		AF6AFD141A034A36006F9393 /* ObjectiveVisitor.hh */ = {isa = PBXFileReference; fileEncoding = 4; lastKnownFileType = sourcecode.cpp.h; path = ObjectiveVisitor.hh; sourceTree = "<group>"; };
		AF6AFD161A034A36006F9393 /* FieldCache.gtest.cc */ = {isa = PBXFileReference; fileEncoding = 4; lastKnownFileType = sourcecode.cpp.cpp; path = FieldCache.gtest.cc; sourceTree = "<group>"; };
		AF6AFD171A034A36006F9393 /* FieldCache.hh */ = {isa = PBXFileReference; fileEncoding = 4; lastKnownFileType = sourcecode.cpp.h; path = FieldCache.hh; sourceTree = "<group>"; };
		AF6AFD181A034A36006F9393 /* VoxelArray.gtest.cc */ = {isa = PBXFileReference; fileEncoding = 4; lastKnownFileType = sourcecode.cpp.cpp; path = VoxelArray.gtest.cc; sourceTree = "<group>"; };
		AF6AFD191A034A36006F9393 /* VoxelArray.hh */ = {isa = PBXFileReference; fileEncoding = 4; lastKnownFileType = sourcecode.cpp.h; path = VoxelArray.hh; sourceTree = "<group>"; };
		AF6AFD1B1A034A36006F9393 /* atype_map.hh */ = {isa = PBXFileReference; fileEncoding = 4; lastKnownFileType = sourcecode.cpp.h; path = atype_map.hh; sourceTree = "<group>"; };
		AF6AFD1C1A034A36006F9393 /* atype_map.lib.cc */ = {isa = PBXFileReference; fileEncoding = 4; lastKnownFileType = sourcecode.cpp.cpp; path = atype_map.lib.cc; sourceTree = "<group>"; };
		AF6AFD1E1A034A36006F9393 /* AnalyticEvaluation.gtest.cc */ = {isa = PBXFileReference; fileEncoding = 4; lastKnownFileType = sourcecode.cpp.cpp; path = AnalyticEvaluation.gtest.cc; sourceTree = "<group>"; };
		AF6AFD1F1A034A36006F9393 /* AnalyticEvaluation.hh */ = {isa = PBXFileReference; fileEncoding = 4; lastKnownFileType = sourcecode.cpp.h; path = AnalyticEvaluation.hh; sourceTree = "<group>"; };
		AF6AFD201A034A36006F9393 /* CubicPolynomial.hh */ = {isa = PBXFileReference; fileEncoding = 4; lastKnownFileType = sourcecode.cpp.h; path = CubicPolynomial.hh; sourceTree = "<group>"; };
		AF6AFD211A034A36006F9393 /* EtableParams.hh */ = {isa = PBXFileReference; fileEncoding = 4; lastKnownFileType = sourcecode.cpp.h; path = EtableParams.hh; sourceTree = "<group>"; };
		AF6AFD221A034A36006F9393 /* EtableParams_init.hh */ = {isa = PBXFileReference; fileEncoding = 4; lastKnownFileType = sourcecode.cpp.h; path = EtableParams_init.hh; sourceTree = "<group>"; };
		AF6AFD231A034A36006F9393 /* EtableParams_init.lib.cc */ = {isa = PBXFileReference; fileEncoding = 4; lastKnownFileType = sourcecode.cpp.cpp; path = EtableParams_init.lib.cc; sourceTree = "<group>"; };
		AF6AFD241A034A36006F9393 /* RosettaField.gtest.cc */ = {isa = PBXFileReference; fileEncoding = 4; lastKnownFileType = sourcecode.cpp.cpp; path = RosettaField.gtest.cc; sourceTree = "<group>"; };
		AF6AFD251A034A36006F9393 /* RosettaField.hh */ = {isa = PBXFileReference; fileEncoding = 4; lastKnownFileType = sourcecode.cpp.h; path = RosettaField.hh; sourceTree = "<group>"; };
		AF6AFD261A034A36006F9393 /* types.hh */ = {isa = PBXFileReference; fileEncoding = 4; lastKnownFileType = sourcecode.cpp.h; path = types.hh; sourceTree = "<group>"; };
		AF6AFD291A034A36006F9393 /* ContainerInteractions.gtest.cc */ = {isa = PBXFileReference; fileEncoding = 4; lastKnownFileType = sourcecode.cpp.cpp; path = ContainerInteractions.gtest.cc; sourceTree = "<group>"; };
		AF6AFD2A1A034A36006F9393 /* ContainerInteractions.hh */ = {isa = PBXFileReference; fileEncoding = 4; lastKnownFileType = sourcecode.cpp.h; path = ContainerInteractions.hh; sourceTree = "<group>"; };
		AF6AFD2B1A034A36006F9393 /* dilated_int.gtest.cc */ = {isa = PBXFileReference; fileEncoding = 4; lastKnownFileType = sourcecode.cpp.cpp; path = dilated_int.gtest.cc; sourceTree = "<group>"; };
		AF6AFD2C1A034A36006F9393 /* dilated_int.hh */ = {isa = PBXFileReference; fileEncoding = 4; lastKnownFileType = sourcecode.cpp.h; path = dilated_int.hh; sourceTree = "<group>"; };
		AF6AFD2D1A034A36006F9393 /* hash.gtest.cc */ = {isa = PBXFileReference; fileEncoding = 4; lastKnownFileType = sourcecode.cpp.cpp; path = hash.gtest.cc; sourceTree = "<group>"; };
		AF6AFD2F1A034A36006F9393 /* InstanceMap.gtest.cc */ = {isa = PBXFileReference; fileEncoding = 4; lastKnownFileType = sourcecode.cpp.cpp; path = InstanceMap.gtest.cc; sourceTree = "<group>"; };
		AF6AFD301A034A36006F9393 /* InstanceMap.hh */ = {isa = PBXFileReference; fileEncoding = 4; lastKnownFileType = sourcecode.cpp.h; path = InstanceMap.hh; sourceTree = "<group>"; };
		AF6AFD311A034A36006F9393 /* InstanceMap_container.gtest.cc */ = {isa = PBXFileReference; fileEncoding = 4; lastKnownFileType = sourcecode.cpp.cpp; path = InstanceMap_container.gtest.cc; sourceTree = "<group>"; };
		AF6AFD321A034A36006F9393 /* InstanceMap_numeric.gtest.cc */ = {isa = PBXFileReference; fileEncoding = 4; lastKnownFileType = sourcecode.cpp.cpp; path = InstanceMap_numeric.gtest.cc; sourceTree = "<group>"; };
		AF6AFD331A034A36006F9393 /* intersect.hh */ = {isa = PBXFileReference; fileEncoding = 4; lastKnownFileType = sourcecode.cpp.h; path = intersect.hh; sourceTree = "<group>"; };
		AF6AFD341A034A36006F9393 /* print_type.hh */ = {isa = PBXFileReference; fileEncoding = 4; lastKnownFileType = sourcecode.cpp.h; path = print_type.hh; sourceTree = "<group>"; };
		AF6AFD351A034A36006F9393 /* ref_wrap.hh */ = {isa = PBXFileReference; fileEncoding = 4; lastKnownFileType = sourcecode.cpp.h; path = ref_wrap.hh; sourceTree = "<group>"; };
		AF6AFD361A034A36006F9393 /* util.gtest.cc */ = {isa = PBXFileReference; fileEncoding = 4; lastKnownFileType = sourcecode.cpp.cpp; path = util.gtest.cc; sourceTree = "<group>"; };
		AF6AFD371A034A36006F9393 /* util.hh */ = {isa = PBXFileReference; fileEncoding = 4; lastKnownFileType = sourcecode.cpp.h; path = util.hh; sourceTree = "<group>"; };
		AF6AFD381A034A36006F9393 /* SimpleArray.gtest.cc */ = {isa = PBXFileReference; fileEncoding = 4; lastKnownFileType = sourcecode.cpp.cpp; path = SimpleArray.gtest.cc; sourceTree = "<group>"; };
		AF6AFD391A034A36006F9393 /* SimpleArray.hh */ = {isa = PBXFileReference; fileEncoding = 4; lastKnownFileType = sourcecode.cpp.h; path = SimpleArray.hh; sourceTree = "<group>"; };
		AF6AFD3A1A034A36006F9393 /* StoragePolicy.gtest.cc */ = {isa = PBXFileReference; fileEncoding = 4; lastKnownFileType = sourcecode.cpp.cpp; path = StoragePolicy.gtest.cc; sourceTree = "<group>"; };
		AF6AFD3B1A034A36006F9393 /* StoragePolicy.hh */ = {isa = PBXFileReference; fileEncoding = 4; lastKnownFileType = sourcecode.cpp.h; path = StoragePolicy.hh; sourceTree = "<group>"; };
		AF6AFD3C1A034A36006F9393 /* str.hh */ = {isa = PBXFileReference; fileEncoding = 4; lastKnownFileType = sourcecode.cpp.h; path = str.hh; sourceTree = "<group>"; };
		AF6AFD3D1A034A36006F9393 /* template_loop.gtest.cc */ = {isa = PBXFileReference; fileEncoding = 4; lastKnownFileType = sourcecode.cpp.cpp; path = template_loop.gtest.cc; sourceTree = "<group>"; };
		AF6AFD3E1A034A36006F9393 /* template_loop.hh */ = {isa = PBXFileReference; fileEncoding = 4; lastKnownFileType = sourcecode.cpp.h; path = template_loop.hh; sourceTree = "<group>"; };
		AF6AFD3F1A034A36006F9393 /* template_math.hh */ = {isa = PBXFileReference; fileEncoding = 4; lastKnownFileType = sourcecode.cpp.h; path = template_math.hh; sourceTree = "<group>"; };
		AF6AFD6A1A034B5F006F9393 /* libfftw3.3.dylib */ = {isa = PBXFileReference; lastKnownFileType = "compiled.mach-o.dylib"; name = libfftw3.3.dylib; path = ../../../../usr/local/Cellar/fftw/3.3.4/lib/libfftw3.3.dylib; sourceTree = "<group>"; };
		AFBC186F199A669500E7F961 /* gtest_util.hh */ = {isa = PBXFileReference; fileEncoding = 4; lastKnownFileType = sourcecode.cpp.h; path = gtest_util.hh; sourceTree = "<group>"; };
		AFBC1870199A669500E7F961 /* main_test.cc */ = {isa = PBXFileReference; fileEncoding = 4; lastKnownFileType = sourcecode.cpp.cpp; path = main_test.cc; sourceTree = "<group>"; };
		AFBC1871199A669500E7F961 /* quick_test.cc */ = {isa = PBXFileReference; fileEncoding = 4; lastKnownFileType = sourcecode.cpp.cpp; path = quick_test.cc; sourceTree = "<group>"; };
		AFBC1878199A66BF00E7F961 /* quick_test */ = {isa = PBXFileReference; explicitFileType = "compiled.mach-o.executable"; includeInIndex = 0; path = quick_test; sourceTree = BUILT_PRODUCTS_DIR; };
		AFBC187A199A66BF00E7F961 /* main.cpp */ = {isa = PBXFileReference; lastKnownFileType = sourcecode.cpp.cpp; path = main.cpp; sourceTree = "<group>"; };
		AFBC187C199A66BF00E7F961 /* quick_test.1 */ = {isa = PBXFileReference; lastKnownFileType = text.man; path = quick_test.1; sourceTree = "<group>"; };
		AFBEE016198986E3007B0DCC /* Scheme */ = {isa = PBXFileReference; explicitFileType = "compiled.mach-o.executable"; includeInIndex = 0; path = Scheme; sourceTree = BUILT_PRODUCTS_DIR; };
		AFDDB8FC199DE13300650C19 /* libboost_timer.dylib */ = {isa = PBXFileReference; lastKnownFileType = "compiled.mach-o.dylib"; name = libboost_timer.dylib; path = ../../../../usr/local/Cellar/boost/1.55.0_2/lib/libboost_timer.dylib; sourceTree = "<group>"; };
		AFF7A72819898BF800FAF16F /* main_test */ = {isa = PBXFileReference; explicitFileType = "compiled.mach-o.executable"; includeInIndex = 0; path = main_test; sourceTree = BUILT_PRODUCTS_DIR; };
/* End PBXFileReference section */

/* Begin PBXFrameworksBuildPhase section */
		AFBC1875199A66BF00E7F961 /* Frameworks */ = {
			isa = PBXFrameworksBuildPhase;
			buildActionMask = 2147483647;
			files = (
			);
			runOnlyForDeploymentPostprocessing = 0;
		};
		AFBEE013198986E3007B0DCC /* Frameworks */ = {
			isa = PBXFrameworksBuildPhase;
			buildActionMask = 2147483647;
			files = (
				AF6AFD6B1A034B5F006F9393 /* libfftw3.3.dylib in Frameworks */,
				AF15552019A674AC005E5500 /* libboost_iostreams.dylib in Frameworks */,
				AF15551E19A67490005E5500 /* libboost_serialization.dylib in Frameworks */,
				AF15551C19A67482005E5500 /* libboost_system.dylib in Frameworks */,
				AF15551A19A6746E005E5500 /* libboost_filesystem.dylib in Frameworks */,
				AFDDB8FD199DE13300650C19 /* libboost_timer.dylib in Frameworks */,
				AF165D1319899C440038FDFD /* gtest.framework in Frameworks */,
			);
			runOnlyForDeploymentPostprocessing = 0;
		};
		AFF7A72519898BF800FAF16F /* Frameworks */ = {
			isa = PBXFrameworksBuildPhase;
			buildActionMask = 2147483647;
			files = (
			);
			runOnlyForDeploymentPostprocessing = 0;
		};
/* End PBXFrameworksBuildPhase section */

/* Begin PBXGroup section */
		AF6AFCCC1A034A36006F9393 /* scheme */ = {
			isa = PBXGroup;
			children = (
				AF6AFCCD1A034A36006F9393 /* actor */,
				AF6AFCD31A034A36006F9393 /* chemical */,
				AF6AFCD91A034A36006F9393 /* dock */,
				AF6AFCDC1A034A36006F9393 /* io */,
				AF6AFCE01A034A36006F9393 /* kinematics */,
				AF6AFCE81A034A36006F9393 /* nest */,
				AF6AFD041A034A36006F9393 /* numeric */,
				AF6AFD0E1A034A36006F9393 /* objective */,
				AF6AFD1A1A034A36006F9393 /* rosetta */,
				AF6AFD261A034A36006F9393 /* types.hh */,
				AF6AFD271A034A36006F9393 /* util */,
			);
			name = scheme;
			path = ../scheme;
			sourceTree = "<group>";
		};
		AF6AFCCD1A034A36006F9393 /* actor */ = {
			isa = PBXGroup;
			children = (
				AF6AFCCE1A034A36006F9393 /* ActorConcept.hh */,
				AF6AFCCF1A034A36006F9393 /* ActorConcept_io.hh */,
				AF6AFCD01A034A36006F9393 /* Atom.hh */,
				AF6AFCD11A034A36006F9393 /* BBStub.gtest.cc */,
				AF6AFCD21A034A36006F9393 /* BBStub.hh */,
			);
			path = actor;
			sourceTree = "<group>";
		};
		AF6AFCD31A034A36006F9393 /* chemical */ = {
			isa = PBXGroup;
			children = (
				AF6AFCD41A034A36006F9393 /* AtomData.hh */,
				AF6AFCD51A034A36006F9393 /* ligand_factory.gtest.cc */,
				AF6AFCD61A034A36006F9393 /* ligand_factory.hh */,
				AF6AFCD71A034A36006F9393 /* ligand_factory.lib.cc */,
				AF6AFCD81A034A36006F9393 /* stub.hh */,
			);
			path = chemical;
			sourceTree = "<group>";
		};
		AF6AFCD91A034A36006F9393 /* dock */ = {
			isa = PBXGroup;
			children = (
				AF6AFCDA1A034A36006F9393 /* fftdock.gtest.cc */,
				AF6AFCDB1A034A36006F9393 /* fftdock.hh */,
			);
			path = dock;
			sourceTree = "<group>";
		};
		AF6AFCDC1A034A36006F9393 /* io */ = {
			isa = PBXGroup;
			children = (
				AF6AFCDD1A034A36006F9393 /* cache.hh */,
				AF6AFCDE1A034A36006F9393 /* dump_pdb_atom.gtest.cc */,
				AF6AFCDF1A034A36006F9393 /* dump_pdb_atom.hh */,
			);
			path = io;
			sourceTree = "<group>";
		};
		AF6AFCE01A034A36006F9393 /* kinematics */ = {
			isa = PBXGroup;
			children = (
				AF6AFCE11A034A36006F9393 /* Scene.gtest.cc */,
				AF6AFCE21A034A36006F9393 /* Scene.hh */,
				AF6AFCE31A034A36006F9393 /* Scene_io.hh */,
				AF6AFCE41A034A36006F9393 /* Scene_test_eigen.gtest.cc */,
				AF6AFCE51A034A36006F9393 /* Scene_test_objective.gtest.cc */,
				AF6AFCE61A034A36006F9393 /* SceneIterator.gtest.cc */,
				AF6AFCE71A034A36006F9393 /* SceneIterator.hh */,
			);
			path = kinematics;
			sourceTree = "<group>";
		};
		AF6AFCE81A034A36006F9393 /* nest */ = {
			isa = PBXGroup;
			children = (
				AF6AFCE91A034A36006F9393 /* maps */,
				AF6AFCFD1A034A36006F9393 /* MultiNEST.gtest.cc */,
				AF6AFCFE1A034A36006F9393 /* MultiNest.hh */,
				AF6AFCFF1A034A36006F9393 /* NEST.gtest.cc */,
				AF6AFD001A034A36006F9393 /* NEST.hh */,
				AF6AFD011A034A36006F9393 /* NEST_concepts.hh */,
				AF6AFD021A034A36006F9393 /* NEST_neighbor.gtest.cc */,
				AF6AFD031A034A36006F9393 /* NEST_test_util.hh */,
			);
			path = nest;
			sourceTree = "<group>";
		};
		AF6AFCE91A034A36006F9393 /* maps */ = {
			isa = PBXGroup;
			children = (
				AF6AFCEA1A034A36006F9393 /* DiscreteChoiceMap.hh */,
				AF6AFCEB1A034A36006F9393 /* EulerAnglesMap.gtest.cc */,
				AF6AFCEC1A034A36006F9393 /* EulerAnglesMap.hh */,
				AF6AFCED1A034A36006F9393 /* HecatonicosachoronMap.gtest.cc */,
				AF6AFCEE1A034A36006F9393 /* HecatonicosachoronMap.hh */,
				AF6AFCEF1A034A36006F9393 /* parameter_maps.gtest.cc */,
				AF6AFCF01A034A36006F9393 /* parameter_maps_test_nbrcell.gtest.cc */,
				AF6AFCF11A034A36006F9393 /* QuaternionMap.gtest.cc */,
				AF6AFCF21A034A36006F9393 /* QuaternionMap.hh */,
				AF6AFCF31A034A36006F9393 /* ScaleMap.hh */,
				AF6AFCF41A034A36006F9393 /* SphereDodec.gtest.cc */,
				AF6AFCF51A034A36006F9393 /* SphereDodec.hh */,
				AF6AFCF61A034A36006F9393 /* SphereQuad.gtest.cc */,
				AF6AFCF71A034A36006F9393 /* SphereQuad.hh */,
				AF6AFCF81A034A36006F9393 /* TetracontoctachoronMap.gtest.cc */,
				AF6AFCF91A034A36006F9393 /* TetracontoctachoronMap.hh */,
				AF6AFCFA1A034A36006F9393 /* UnitMap.hh */,
				AF6AFCFB1A034A36006F9393 /* util */,
			);
			path = maps;
			sourceTree = "<group>";
		};
		AF6AFCFB1A034A36006F9393 /* util */ = {
			isa = PBXGroup;
			children = (
				AF6AFCFC1A034A36006F9393 /* get_quaternion_component.hh */,
			);
			path = util;
			sourceTree = "<group>";
		};
		AF6AFD041A034A36006F9393 /* numeric */ = {
			isa = PBXGroup;
			children = (
				AF6AFD051A034A36006F9393 /* bcc_lattice.gtest.cc */,
				AF6AFD061A034A36006F9393 /* bcc_lattice.hh */,
				AF6AFD071A034A36006F9393 /* bcc_lattice_orientation.gtest.cc */,
				AF6AFD081A034A36006F9393 /* euler_angles.gtest.cc */,
				AF6AFD091A034A36006F9393 /* euler_angles.hh */,
				AF6AFD0A1A034A36006F9393 /* geom_4d.gtest.cc */,
				AF6AFD0B1A034A36006F9393 /* geom_4d.hh */,
				AF6AFD0C1A034A36006F9393 /* util.hh */,
				AF6AFD0D1A034A36006F9393 /* X1dim.hh */,
			);
			path = numeric;
			sourceTree = "<group>";
		};
		AF6AFD0E1A034A36006F9393 /* objective */ = {
			isa = PBXGroup;
			children = (
				AF6AFD0F1A034A36006F9393 /* methods */,
				AF6AFD111A034A36006F9393 /* ObjectiveFunction.gtest.cc */,
				AF6AFD121A034A36006F9393 /* ObjectiveFunction.hh */,
				AF6AFD131A034A36006F9393 /* ObjectiveFunction_io.hh */,
				AF6AFD141A034A36006F9393 /* ObjectiveVisitor.hh */,
				AF6AFD151A034A36006F9393 /* voxel */,
			);
			path = objective;
			sourceTree = "<group>";
		};
		AF6AFD0F1A034A36006F9393 /* methods */ = {
			isa = PBXGroup;
			children = (
				AF6AFD101A034A36006F9393 /* hbond_5dof.gtest.cc */,
			);
			path = methods;
			sourceTree = "<group>";
		};
		AF6AFD151A034A36006F9393 /* voxel */ = {
			isa = PBXGroup;
			children = (
				AF6AFD161A034A36006F9393 /* FieldCache.gtest.cc */,
				AF6AFD171A034A36006F9393 /* FieldCache.hh */,
				AF6AFD181A034A36006F9393 /* VoxelArray.gtest.cc */,
				AF6AFD191A034A36006F9393 /* VoxelArray.hh */,
			);
			path = voxel;
			sourceTree = "<group>";
		};
		AF6AFD1A1A034A36006F9393 /* rosetta */ = {
			isa = PBXGroup;
			children = (
				AF6AFD1B1A034A36006F9393 /* atype_map.hh */,
				AF6AFD1C1A034A36006F9393 /* atype_map.lib.cc */,
				AF6AFD1D1A034A36006F9393 /* score */,
			);
			path = rosetta;
			sourceTree = "<group>";
		};
		AF6AFD1D1A034A36006F9393 /* score */ = {
			isa = PBXGroup;
			children = (
				AF6AFD1E1A034A36006F9393 /* AnalyticEvaluation.gtest.cc */,
				AF6AFD1F1A034A36006F9393 /* AnalyticEvaluation.hh */,
				AF6AFD201A034A36006F9393 /* CubicPolynomial.hh */,
				AF6AFD211A034A36006F9393 /* EtableParams.hh */,
				AF6AFD221A034A36006F9393 /* EtableParams_init.hh */,
				AF6AFD231A034A36006F9393 /* EtableParams_init.lib.cc */,
				AF6AFD241A034A36006F9393 /* RosettaField.gtest.cc */,
				AF6AFD251A034A36006F9393 /* RosettaField.hh */,
			);
			path = score;
			sourceTree = "<group>";
		};
		AF6AFD271A034A36006F9393 /* util */ = {
			isa = PBXGroup;
			children = (
				AF6AFD281A034A36006F9393 /* container */,
				AF6AFD2B1A034A36006F9393 /* dilated_int.gtest.cc */,
				AF6AFD2C1A034A36006F9393 /* dilated_int.hh */,
				AF6AFD2D1A034A36006F9393 /* hash.gtest.cc */,
				AF6AFD2E1A034A36006F9393 /* meta */,
				AF6AFD381A034A36006F9393 /* SimpleArray.gtest.cc */,
				AF6AFD391A034A36006F9393 /* SimpleArray.hh */,
				AF6AFD3A1A034A36006F9393 /* StoragePolicy.gtest.cc */,
				AF6AFD3B1A034A36006F9393 /* StoragePolicy.hh */,
				AF6AFD3C1A034A36006F9393 /* str.hh */,
				AF6AFD3D1A034A36006F9393 /* template_loop.gtest.cc */,
				AF6AFD3E1A034A36006F9393 /* template_loop.hh */,
				AF6AFD3F1A034A36006F9393 /* template_math.hh */,
			);
			path = util;
			sourceTree = "<group>";
		};
		AF6AFD281A034A36006F9393 /* container */ = {
			isa = PBXGroup;
			children = (
				AF6AFD291A034A36006F9393 /* ContainerInteractions.gtest.cc */,
				AF6AFD2A1A034A36006F9393 /* ContainerInteractions.hh */,
			);
			path = container;
			sourceTree = "<group>";
		};
		AF6AFD2E1A034A36006F9393 /* meta */ = {
			isa = PBXGroup;
			children = (
				AF6AFD2F1A034A36006F9393 /* InstanceMap.gtest.cc */,
				AF6AFD301A034A36006F9393 /* InstanceMap.hh */,
				AF6AFD311A034A36006F9393 /* InstanceMap_container.gtest.cc */,
				AF6AFD321A034A36006F9393 /* InstanceMap_numeric.gtest.cc */,
				AF6AFD331A034A36006F9393 /* intersect.hh */,
				AF6AFD341A034A36006F9393 /* print_type.hh */,
				AF6AFD351A034A36006F9393 /* ref_wrap.hh */,
				AF6AFD361A034A36006F9393 /* util.gtest.cc */,
				AF6AFD371A034A36006F9393 /* util.hh */,
			);
			path = meta;
			sourceTree = "<group>";
		};
		AFBC186E199A669500E7F961 /* apps */ = {
			isa = PBXGroup;
			children = (
				AFBC186F199A669500E7F961 /* gtest_util.hh */,
				AFBC1870199A669500E7F961 /* main_test.cc */,
				AFBC1871199A669500E7F961 /* quick_test.cc */,
			);
			name = apps;
			path = ../apps;
			sourceTree = "<group>";
		};
		AFBC1879199A66BF00E7F961 /* quick_test */ = {
			isa = PBXGroup;
			children = (
				AFBC187A199A66BF00E7F961 /* main.cpp */,
				AFBC187C199A66BF00E7F961 /* quick_test.1 */,
			);
			path = quick_test;
			sourceTree = "<group>";
		};
		AFBEE00D198986E3007B0DCC = {
			isa = PBXGroup;
			children = (
				AF6AFD6A1A034B5F006F9393 /* libfftw3.3.dylib */,
				AF6AFCCC1A034A36006F9393 /* scheme */,
				AF15551F19A674AC005E5500 /* libboost_iostreams.dylib */,
				AF15551D19A67490005E5500 /* libboost_serialization.dylib */,
				AF15551B19A67482005E5500 /* libboost_system.dylib */,
				AF15551919A6746E005E5500 /* libboost_filesystem.dylib */,
				AFDDB8FC199DE13300650C19 /* libboost_timer.dylib */,
				AFBC186E199A669500E7F961 /* apps */,
				AF165D1219899C440038FDFD /* gtest.framework */,
				AFBC1879199A66BF00E7F961 /* quick_test */,
				AFBEE017198986E3007B0DCC /* Products */,
			);
			sourceTree = "<group>";
		};
		AFBEE017198986E3007B0DCC /* Products */ = {
			isa = PBXGroup;
			children = (
				AFBEE016198986E3007B0DCC /* Scheme */,
				AFF7A72819898BF800FAF16F /* main_test */,
				AFBC1878199A66BF00E7F961 /* quick_test */,
			);
			name = Products;
			sourceTree = "<group>";
		};
/* End PBXGroup section */

/* Begin PBXNativeTarget section */
		AFBC1877199A66BF00E7F961 /* quick_test */ = {
			isa = PBXNativeTarget;
			buildConfigurationList = AFBC187E199A66BF00E7F961 /* Build configuration list for PBXNativeTarget "quick_test" */;
			buildPhases = (
				AFBC1874199A66BF00E7F961 /* Sources */,
				AFBC1875199A66BF00E7F961 /* Frameworks */,
				AFBC1876199A66BF00E7F961 /* CopyFiles */,
			);
			buildRules = (
			);
			dependencies = (
			);
			name = quick_test;
			productName = quick_test;
			productReference = AFBC1878199A66BF00E7F961 /* quick_test */;
			productType = "com.apple.product-type.tool";
		};
		AFBEE015198986E3007B0DCC /* Scheme */ = {
			isa = PBXNativeTarget;
			buildConfigurationList = AFBEE01F198986E3007B0DCC /* Build configuration list for PBXNativeTarget "Scheme" */;
			buildPhases = (
				AFBEE012198986E3007B0DCC /* Sources */,
				AFBEE013198986E3007B0DCC /* Frameworks */,
				AFBEE014198986E3007B0DCC /* CopyFiles */,
			);
			buildRules = (
			);
			dependencies = (
			);
			name = Scheme;
			productName = Scheme;
			productReference = AFBEE016198986E3007B0DCC /* Scheme */;
			productType = "com.apple.product-type.tool";
		};
		AFF7A72719898BF800FAF16F /* main_test */ = {
			isa = PBXNativeTarget;
			buildConfigurationList = AFF7A72E19898BF800FAF16F /* Build configuration list for PBXNativeTarget "main_test" */;
			buildPhases = (
				AFF7A72419898BF800FAF16F /* Sources */,
				AFF7A72519898BF800FAF16F /* Frameworks */,
				AFF7A72619898BF800FAF16F /* CopyFiles */,
			);
			buildRules = (
			);
			dependencies = (
			);
			name = main_test;
			productName = main_test;
			productReference = AFF7A72819898BF800FAF16F /* main_test */;
			productType = "com.apple.product-type.tool";
		};
/* End PBXNativeTarget section */

/* Begin PBXProject section */
		AFBEE00E198986E3007B0DCC /* Project object */ = {
			isa = PBXProject;
			attributes = {
				LastUpgradeCheck = 0510;
				ORGANIZATIONNAME = "will sheffler";
			};
			buildConfigurationList = AFBEE011198986E3007B0DCC /* Build configuration list for PBXProject "Scheme" */;
			compatibilityVersion = "Xcode 3.2";
			developmentRegion = English;
			hasScannedForEncodings = 0;
			knownRegions = (
				en,
			);
			mainGroup = AFBEE00D198986E3007B0DCC;
			productRefGroup = AFBEE017198986E3007B0DCC /* Products */;
			projectDirPath = "";
			projectRoot = "";
			targets = (
				AFBEE015198986E3007B0DCC /* Scheme */,
				AFF7A72719898BF800FAF16F /* main_test */,
				AFBC1877199A66BF00E7F961 /* quick_test */,
			);
		};
/* End PBXProject section */

/* Begin PBXSourcesBuildPhase section */
		AFBC1874199A66BF00E7F961 /* Sources */ = {
			isa = PBXSourcesBuildPhase;
			buildActionMask = 2147483647;
			files = (
				AFBC187B199A66BF00E7F961 /* main.cpp in Sources */,
				AFBC1881199A66C400E7F961 /* quick_test.cc in Sources */,
			);
			runOnlyForDeploymentPostprocessing = 0;
		};
		AFBEE012198986E3007B0DCC /* Sources */ = {
			isa = PBXSourcesBuildPhase;
			buildActionMask = 2147483647;
			files = (
				AF6AFD681A034A36006F9393 /* StoragePolicy.gtest.cc in Sources */,
				AF6AFD5A1A034A36006F9393 /* FieldCache.gtest.cc in Sources */,
				AF6AFD521A034A36006F9393 /* NEST.gtest.cc in Sources */,
				AF6AFD671A034A36006F9393 /* SimpleArray.gtest.cc in Sources */,
				AF6AFD471A034A36006F9393 /* Scene_test_objective.gtest.cc in Sources */,
				AF6AFD631A034A36006F9393 /* InstanceMap.gtest.cc in Sources */,
				AF6AFD641A034A36006F9393 /* InstanceMap_container.gtest.cc in Sources */,
				AF6AFD441A034A36006F9393 /* dump_pdb_atom.gtest.cc in Sources */,
				AF6AFD491A034A36006F9393 /* EulerAnglesMap.gtest.cc in Sources */,
				AF6AFD4E1A034A36006F9393 /* SphereDodec.gtest.cc in Sources */,
				AF6AFD501A034A36006F9393 /* TetracontoctachoronMap.gtest.cc in Sources */,
				AF6AFD431A034A36006F9393 /* fftdock.gtest.cc in Sources */,
				AF6AFD4F1A034A36006F9393 /* SphereQuad.gtest.cc in Sources */,
				AF6AFD571A034A36006F9393 /* geom_4d.gtest.cc in Sources */,
				AF6AFD541A034A36006F9393 /* bcc_lattice.gtest.cc in Sources */,
				AF6AFD601A034A36006F9393 /* ContainerInteractions.gtest.cc in Sources */,
				AF6AFD511A034A36006F9393 /* MultiNEST.gtest.cc in Sources */,
				AF6AFD421A034A36006F9393 /* ligand_factory.lib.cc in Sources */,
				AF6AFD621A034A36006F9393 /* hash.gtest.cc in Sources */,
				AF6AFD401A034A36006F9393 /* BBStub.gtest.cc in Sources */,
				AF6AFD611A034A36006F9393 /* dilated_int.gtest.cc in Sources */,
				AF6AFD561A034A36006F9393 /* euler_angles.gtest.cc in Sources */,
				AF6AFD5B1A034A36006F9393 /* VoxelArray.gtest.cc in Sources */,
				AF6AFD4C1A034A36006F9393 /* parameter_maps_test_nbrcell.gtest.cc in Sources */,
				AF6AFD591A034A36006F9393 /* ObjectiveFunction.gtest.cc in Sources */,
				AF6AFD4D1A034A36006F9393 /* QuaternionMap.gtest.cc in Sources */,
				AF6AFD481A034A36006F9393 /* SceneIterator.gtest.cc in Sources */,
				AF6AFD531A034A36006F9393 /* NEST_neighbor.gtest.cc in Sources */,
				AF6AFD5E1A034A36006F9393 /* EtableParams_init.lib.cc in Sources */,
				AF6AFD411A034A36006F9393 /* ligand_factory.gtest.cc in Sources */,
				AF6AFD551A034A36006F9393 /* bcc_lattice_orientation.gtest.cc in Sources */,
				AF6AFD5C1A034A36006F9393 /* atype_map.lib.cc in Sources */,
				AF6AFD451A034A36006F9393 /* Scene.gtest.cc in Sources */,
				AF6AFD461A034A36006F9393 /* Scene_test_eigen.gtest.cc in Sources */,
				AFBC1884199A676B00E7F961 /* main_test.cc in Sources */,
				AF6AFD691A034A36006F9393 /* template_loop.gtest.cc in Sources */,
				AF6AFD5F1A034A36006F9393 /* RosettaField.gtest.cc in Sources */,
				AF6AFD4A1A034A36006F9393 /* HecatonicosachoronMap.gtest.cc in Sources */,
				AF6AFD581A034A36006F9393 /* hbond_5dof.gtest.cc in Sources */,
				AF6AFD661A034A36006F9393 /* util.gtest.cc in Sources */,
				AF6AFD4B1A034A36006F9393 /* parameter_maps.gtest.cc in Sources */,
				AF6AFD5D1A034A36006F9393 /* AnalyticEvaluation.gtest.cc in Sources */,
				AF6AFD651A034A36006F9393 /* InstanceMap_numeric.gtest.cc in Sources */,
			);
			runOnlyForDeploymentPostprocessing = 0;
		};
		AFF7A72419898BF800FAF16F /* Sources */ = {
			isa = PBXSourcesBuildPhase;
			buildActionMask = 2147483647;
			files = (
				AFBC1883199A676A00E7F961 /* main_test.cc in Sources */,
			);
			runOnlyForDeploymentPostprocessing = 0;
		};
/* End PBXSourcesBuildPhase section */

/* Begin XCBuildConfiguration section */
		AFBC187F199A66BF00E7F961 /* Debug */ = {
			isa = XCBuildConfiguration;
			buildSettings = {
				ALWAYS_SEARCH_USER_PATHS = NO;
				CLANG_CXX_LANGUAGE_STANDARD = "gnu++0x";
				CLANG_CXX_LIBRARY = "libc++";
				GCC_PREPROCESSOR_DEFINITIONS = (
					"DEBUG=1",
					"$(inherited)",
				);
				PRODUCT_NAME = "$(TARGET_NAME)";
			};
			name = Debug;
		};
		AFBC1880199A66BF00E7F961 /* Release */ = {
			isa = XCBuildConfiguration;
			buildSettings = {
				ALWAYS_SEARCH_USER_PATHS = NO;
				CLANG_CXX_LANGUAGE_STANDARD = "gnu++0x";
				CLANG_CXX_LIBRARY = "libc++";
				PRODUCT_NAME = "$(TARGET_NAME)";
			};
			name = Release;
		};
		AFBEE01D198986E3007B0DCC /* Debug */ = {
			isa = XCBuildConfiguration;
			buildSettings = {
				ALWAYS_SEARCH_USER_PATHS = YES;
				CLANG_CXX_LANGUAGE_STANDARD = "gnu++98";
				CLANG_CXX_LIBRARY = "libstdc++";
				CLANG_ENABLE_MODULES = YES;
				CLANG_ENABLE_OBJC_ARC = YES;
				CLANG_WARN_BOOL_CONVERSION = YES;
				CLANG_WARN_CONSTANT_CONVERSION = YES;
				CLANG_WARN_DIRECT_OBJC_ISA_USAGE = YES_ERROR;
				CLANG_WARN_EMPTY_BODY = YES;
				CLANG_WARN_ENUM_CONVERSION = YES;
				CLANG_WARN_INT_CONVERSION = YES;
				CLANG_WARN_OBJC_ROOT_CLASS = YES_ERROR;
				CLANG_WARN__DUPLICATE_METHOD_MATCH = YES;
				COPY_PHASE_STRIP = NO;
				FRAMEWORK_SEARCH_PATHS = /Users/sheffler/Library/Frameworks;
				GCC_C_LANGUAGE_STANDARD = gnu99;
				GCC_DYNAMIC_NO_PIC = NO;
				GCC_ENABLE_OBJC_EXCEPTIONS = YES;
				GCC_OPTIMIZATION_LEVEL = 0;
				GCC_PREPROCESSOR_DEFINITIONS = (
					"DEBUG=1",
					"$(inherited)",
				);
				GCC_SYMBOLS_PRIVATE_EXTERN = NO;
				GCC_WARN_64_TO_32_BIT_CONVERSION = YES;
				GCC_WARN_ABOUT_RETURN_TYPE = YES_ERROR;
				GCC_WARN_UNDECLARED_SELECTOR = YES;
				GCC_WARN_UNINITIALIZED_AUTOS = YES_AGGRESSIVE;
				GCC_WARN_UNUSED_FUNCTION = YES;
				GCC_WARN_UNUSED_VARIABLE = YES;
				MACOSX_DEPLOYMENT_TARGET = 10.9;
				ONLY_ACTIVE_ARCH = YES;
				SDKROOT = macosx;
				USER_HEADER_SEARCH_PATHS = "../src /usr/local/include ../external";
			};
			name = Debug;
		};
		AFBEE01E198986E3007B0DCC /* Release */ = {
			isa = XCBuildConfiguration;
			buildSettings = {
				ALWAYS_SEARCH_USER_PATHS = YES;
				CLANG_CXX_LANGUAGE_STANDARD = "gnu++98";
				CLANG_CXX_LIBRARY = "libstdc++";
				CLANG_ENABLE_MODULES = YES;
				CLANG_ENABLE_OBJC_ARC = YES;
				CLANG_WARN_BOOL_CONVERSION = YES;
				CLANG_WARN_CONSTANT_CONVERSION = YES;
				CLANG_WARN_DIRECT_OBJC_ISA_USAGE = YES_ERROR;
				CLANG_WARN_EMPTY_BODY = YES;
				CLANG_WARN_ENUM_CONVERSION = YES;
				CLANG_WARN_INT_CONVERSION = YES;
				CLANG_WARN_OBJC_ROOT_CLASS = YES_ERROR;
				CLANG_WARN__DUPLICATE_METHOD_MATCH = YES;
				COPY_PHASE_STRIP = YES;
				DEBUG_INFORMATION_FORMAT = "dwarf-with-dsym";
				ENABLE_NS_ASSERTIONS = NO;
				FRAMEWORK_SEARCH_PATHS = /Users/sheffler/Library/Frameworks;
				GCC_C_LANGUAGE_STANDARD = gnu99;
				GCC_ENABLE_OBJC_EXCEPTIONS = YES;
				GCC_WARN_64_TO_32_BIT_CONVERSION = YES;
				GCC_WARN_ABOUT_RETURN_TYPE = YES_ERROR;
				GCC_WARN_UNDECLARED_SELECTOR = YES;
				GCC_WARN_UNINITIALIZED_AUTOS = YES_AGGRESSIVE;
				GCC_WARN_UNUSED_FUNCTION = YES;
				GCC_WARN_UNUSED_VARIABLE = YES;
				MACOSX_DEPLOYMENT_TARGET = 10.9;
				SDKROOT = macosx;
				USER_HEADER_SEARCH_PATHS = "../src /usr/local/include ../external";
			};
			name = Release;
		};
		AFBEE020198986E3007B0DCC /* Debug */ = {
			isa = XCBuildConfiguration;
			buildSettings = {
				CLANG_CXX_LANGUAGE_STANDARD = "c++0x";
				CLANG_CXX_LIBRARY = "libc++";
				FRAMEWORK_SEARCH_PATHS = (
					"$(inherited)",
					/Users/sheffler/scheme/external,
					"$(USER_LIBRARY_DIR)/Frameworks",
				);
				LIBRARY_SEARCH_PATHS = (
					/usr/local/lib,
					/usr/local/Cellar/fftw/3.3.4/lib,
				);
				PRODUCT_NAME = "$(TARGET_NAME)";
				USER_HEADER_SEARCH_PATHS = "../ /usr/local/include ../external /usr/local/include/eigen3";
			};
			name = Debug;
		};
		AFBEE021198986E3007B0DCC /* Release */ = {
			isa = XCBuildConfiguration;
			buildSettings = {
				CLANG_CXX_LANGUAGE_STANDARD = "c++0x";
				CLANG_CXX_LIBRARY = "libc++";
				FRAMEWORK_SEARCH_PATHS = (
					"$(inherited)",
					/Users/sheffler/scheme/external,
					"$(USER_LIBRARY_DIR)/Frameworks",
				);
				LIBRARY_SEARCH_PATHS = (
					/usr/local/lib,
					/usr/local/Cellar/fftw/3.3.4/lib,
				);
				PRODUCT_NAME = "$(TARGET_NAME)";
				USER_HEADER_SEARCH_PATHS = "../ /usr/local/include ../external /usr/local/include/eigen3";
			};
			name = Release;
		};
		AFF7A72F19898BF800FAF16F /* Debug */ = {
			isa = XCBuildConfiguration;
			buildSettings = {
				ALWAYS_SEARCH_USER_PATHS = YES;
				GCC_PREPROCESSOR_DEFINITIONS = (
					"DEBUG=1",
					"$(inherited)",
				);
				HEADER_SEARCH_PATHS = (
					"$(inherited)",
					/Applications/Xcode.app/Contents/Developer/Toolchains/XcodeDefault.xctoolchain/usr/include,
				);
				PRODUCT_NAME = "$(TARGET_NAME)";
				USER_HEADER_SEARCH_PATHS = /Users/sheffler/scheme/src;
			};
			name = Debug;
		};
		AFF7A73019898BF800FAF16F /* Release */ = {
			isa = XCBuildConfiguration;
			buildSettings = {
				ALWAYS_SEARCH_USER_PATHS = YES;
				HEADER_SEARCH_PATHS = (
					"$(inherited)",
					/Applications/Xcode.app/Contents/Developer/Toolchains/XcodeDefault.xctoolchain/usr/include,
				);
				PRODUCT_NAME = "$(TARGET_NAME)";
				USER_HEADER_SEARCH_PATHS = /Users/sheffler/scheme/src;
			};
			name = Release;
		};
/* End XCBuildConfiguration section */

/* Begin XCConfigurationList section */
		AFBC187E199A66BF00E7F961 /* Build configuration list for PBXNativeTarget "quick_test" */ = {
			isa = XCConfigurationList;
			buildConfigurations = (
				AFBC187F199A66BF00E7F961 /* Debug */,
				AFBC1880199A66BF00E7F961 /* Release */,
			);
			defaultConfigurationIsVisible = 0;
			defaultConfigurationName = Release;
		};
		AFBEE011198986E3007B0DCC /* Build configuration list for PBXProject "Scheme" */ = {
			isa = XCConfigurationList;
			buildConfigurations = (
				AFBEE01D198986E3007B0DCC /* Debug */,
				AFBEE01E198986E3007B0DCC /* Release */,
			);
			defaultConfigurationIsVisible = 0;
			defaultConfigurationName = Release;
		};
		AFBEE01F198986E3007B0DCC /* Build configuration list for PBXNativeTarget "Scheme" */ = {
			isa = XCConfigurationList;
			buildConfigurations = (
				AFBEE020198986E3007B0DCC /* Debug */,
				AFBEE021198986E3007B0DCC /* Release */,
			);
			defaultConfigurationIsVisible = 0;
			defaultConfigurationName = Release;
		};
		AFF7A72E19898BF800FAF16F /* Build configuration list for PBXNativeTarget "main_test" */ = {
			isa = XCConfigurationList;
			buildConfigurations = (
				AFF7A72F19898BF800FAF16F /* Debug */,
				AFF7A73019898BF800FAF16F /* Release */,
			);
			defaultConfigurationIsVisible = 0;
			defaultConfigurationName = Release;
		};
/* End XCConfigurationList section */
	};
	rootObject = AFBEE00E198986E3007B0DCC /* Project object */;
}
